// !$*UTF8*$!
{
	archiveVersion = 1;
	classes = {
	};
	objectVersion = 46;
	objects = {

/* Begin PBXBuildFile section */
		209C83B21E74AE5D00D3BE2D /* helper.hpp in Headers */ = {isa = PBXBuildFile; fileRef = 209C83AF1E74AE2500D3BE2D /* helper.hpp */; };
		209C83B31E74AE5D00D3BE2D /* helper.cpp in Sources */ = {isa = PBXBuildFile; fileRef = 209C83AE1E74AE2500D3BE2D /* helper.cpp */; };
		209C83B41E74AE8D00D3BE2D /* message.cpp in Sources */ = {isa = PBXBuildFile; fileRef = 3D150EB01C3C2F58008A5DE2 /* message.cpp */; };
		20BC2D45204EA1E700FF9F69 /* Vorbis.framework in Frameworks */ = {isa = PBXBuildFile; fileRef = C9F5FF32204DFB83008A21A2 /* Vorbis.framework */; };
		20BC2D46204EA20000FF9F69 /* Ogg.framework in Frameworks */ = {isa = PBXBuildFile; fileRef = C92D3BB8204DFAFA00012403 /* Ogg.framework */; };
		C9196EE61607B59800A9E80D /* input.cpp in Sources */ = {isa = PBXBuildFile; fileRef = C9196EE41607B59800A9E80D /* input.cpp */; };
		C923BC4E16066E4400BEFE2D /* font.hpp in Headers */ = {isa = PBXBuildFile; fileRef = C923BC4916066E4400BEFE2D /* font.hpp */; };
		C923BC5016066E4400BEFE2D /* framebuffer.cpp in Sources */ = {isa = PBXBuildFile; fileRef = C923BC4A16066E4400BEFE2D /* framebuffer.cpp */; };
		C923BC5216066E4400BEFE2D /* framebuffer.hpp in Headers */ = {isa = PBXBuildFile; fileRef = C923BC4B16066E4400BEFE2D /* framebuffer.hpp */; };
		C923BC5D16066EC300BEFE2D /* opengl.hpp in Headers */ = {isa = PBXBuildFile; fileRef = C923BC5B16066EC300BEFE2D /* opengl.hpp */; };
		C92916741609BCEC00A69E46 /* job.cpp in Sources */ = {isa = PBXBuildFile; fileRef = C92916711609BCEC00A69E46 /* job.cpp */; };
		C92916761609BCEC00A69E46 /* job.hpp in Headers */ = {isa = PBXBuildFile; fileRef = C92916721609BCEC00A69E46 /* job.hpp */; };
		C92D3BB9204DFAFA00012403 /* Ogg.framework in Frameworks */ = {isa = PBXBuildFile; fileRef = C92D3BB8204DFAFA00012403 /* Ogg.framework */; };
		C93A7E9A2057065800C796AC /* OpenAL.framework in Frameworks */ = {isa = PBXBuildFile; fileRef = C93A7E992057065800C796AC /* OpenAL.framework */; };
		C93A7E9C2057067D00C796AC /* QuartzCore.framework in Frameworks */ = {isa = PBXBuildFile; fileRef = C93A7E9B2057067D00C796AC /* QuartzCore.framework */; };
		C93A7E9E2057068F00C796AC /* OpenGLES.framework in Frameworks */ = {isa = PBXBuildFile; fileRef = C93A7E9D2057068F00C796AC /* OpenGLES.framework */; };
		C93A7EA0205706A400C796AC /* UIKit.framework in Frameworks */ = {isa = PBXBuildFile; fileRef = C93A7E9F205706A400C796AC /* UIKit.framework */; };
		C93A7EA2205706C400C796AC /* AVFoundation.framework in Frameworks */ = {isa = PBXBuildFile; fileRef = C93A7EA1205706C400C796AC /* AVFoundation.framework */; };
		C93A89FB160B243300BA8D91 /* shapes.cpp in Sources */ = {isa = PBXBuildFile; fileRef = C93A89F8160B243300BA8D91 /* shapes.cpp */; };
		C93A89FD160B243300BA8D91 /* shapes.hpp in Headers */ = {isa = PBXBuildFile; fileRef = C93A89F9160B243300BA8D91 /* shapes.hpp */; };
		C93A963215E3B49B003525E8 /* sprite.cpp in Sources */ = {isa = PBXBuildFile; fileRef = C9E9E2E515C1D52A006CCBD2 /* sprite.cpp */; };
		C93A963315E3B49B003525E8 /* audio.cpp in Sources */ = {isa = PBXBuildFile; fileRef = C9E9E2CA15C1D4BD006CCBD2 /* audio.cpp */; };
		C93A963615E3B49B003525E8 /* framebufferimpl.cpp in Sources */ = {isa = PBXBuildFile; fileRef = C9E9E2CD15C1D4BD006CCBD2 /* framebufferimpl.cpp */; };
		C93A963715E3B49B003525E8 /* freetype.cpp in Sources */ = {isa = PBXBuildFile; fileRef = C9E9E2CE15C1D4BD006CCBD2 /* freetype.cpp */; };
		C93A963815E3B49B003525E8 /* main.cpp in Sources */ = {isa = PBXBuildFile; fileRef = C9E9E2CF15C1D4BD006CCBD2 /* main.cpp */; };
		C93A963915E3B49B003525E8 /* opengl.cpp in Sources */ = {isa = PBXBuildFile; fileRef = C9E9E2D015C1D4BD006CCBD2 /* opengl.cpp */; };
		C93A963A15E3B49B003525E8 /* spriteimpl.cpp in Sources */ = {isa = PBXBuildFile; fileRef = C9E9E2C415C1D47F006CCBD2 /* spriteimpl.cpp */; };
		C93A963C15E3B49B003525E8 /* texture.cpp in Sources */ = {isa = PBXBuildFile; fileRef = C9E9E2D215C1D4BD006CCBD2 /* texture.cpp */; };
		C93A963D15E3B49B003525E8 /* window.cpp in Sources */ = {isa = PBXBuildFile; fileRef = C9E9E2D315C1D4BD006CCBD2 /* window.cpp */; };
		C93A963E15E3B49B003525E8 /* windowptr.cpp in Sources */ = {isa = PBXBuildFile; fileRef = C9E9E2D415C1D4BD006CCBD2 /* windowptr.cpp */; };
		C94EEDF91600D87D004F9FE0 /* debug.hpp in Headers */ = {isa = PBXBuildFile; fileRef = C94EEDF61600D87D004F9FE0 /* debug.hpp */; };
		C94EEDFB1600D87D004F9FE0 /* window.hpp in Headers */ = {isa = PBXBuildFile; fileRef = C94EEDF71600D87D004F9FE0 /* window.hpp */; };
		C94EEE321600ED1F004F9FE0 /* JNGLViewController.h in Headers */ = {isa = PBXBuildFile; fileRef = C94EEE301600ED1F004F9FE0 /* JNGLViewController.h */; };
		C94EEE331600ED1F004F9FE0 /* JNGLViewController.mm in Sources */ = {isa = PBXBuildFile; fileRef = C94EEE311600ED1F004F9FE0 /* JNGLViewController.mm */; };
		C96A1CC414FEE8410065CD6B /* Foundation.framework in Frameworks */ = {isa = PBXBuildFile; fileRef = C96A1CA714FEE5D20065CD6B /* Foundation.framework */; };
		C96A1CCC14FEE8410065CD6B /* InfoPlist.strings in Resources */ = {isa = PBXBuildFile; fileRef = C96A1CCA14FEE8410065CD6B /* InfoPlist.strings */; };
		C96A1CCE14FEE8410065CD6B /* main.mm in Sources */ = {isa = PBXBuildFile; fileRef = C96A1CCD14FEE8410065CD6B /* main.mm */; };
		C96A1CD214FEE8410065CD6B /* AppDelegate.mm in Sources */ = {isa = PBXBuildFile; fileRef = C96A1CD114FEE8410065CD6B /* AppDelegate.mm */; };
		C9740996160766FA002D1152 /* drawable.cpp in Sources */ = {isa = PBXBuildFile; fileRef = C9740993160766FA002D1152 /* drawable.cpp */; };
		C9740998160766FA002D1152 /* drawable.hpp in Headers */ = {isa = PBXBuildFile; fileRef = C9740994160766FA002D1152 /* drawable.hpp */; };
		C974099C16076969002D1152 /* screen.hpp in Headers */ = {isa = PBXBuildFile; fileRef = C974099A16076969002D1152 /* screen.hpp */; };
		C974099F16076AE0002D1152 /* screen.cpp in Sources */ = {isa = PBXBuildFile; fileRef = C974099D16076AE0002D1152 /* screen.cpp */; };
		C97409A216076C1D002D1152 /* text.hpp in Headers */ = {isa = PBXBuildFile; fileRef = C97409A016076C1C002D1152 /* text.hpp */; };
		C97409A516076CD1002D1152 /* text.cpp in Sources */ = {isa = PBXBuildFile; fileRef = C97409A316076CD1002D1152 /* text.cpp */; };
		C97F89371615323200F683FA /* jngl.webp in Resources */ = {isa = PBXBuildFile; fileRef = C97F89361615323200F683FA /* jngl.webp */; };
		C98A18AD15DEB30D0038B716 /* work.cpp in Sources */ = {isa = PBXBuildFile; fileRef = C98A18AB15DEB30D0038B716 /* work.cpp */; };
		C9A638C2204E96D600AB9534 /* Default-568h@2x.png in Resources */ = {isa = PBXBuildFile; fileRef = C9A638C1204E96D600AB9534 /* Default-568h@2x.png */; };
		C9AF94251610F63C002EC853 /* font.cpp in Sources */ = {isa = PBXBuildFile; fileRef = C9AF94231610F63C002EC853 /* font.cpp */; };
		C9B0641016500CAD00020A5D /* color.cpp in Sources */ = {isa = PBXBuildFile; fileRef = C9B0640D16500CAD00020A5D /* color.cpp */; };
		C9B0641216500CAD00020A5D /* color.hpp in Headers */ = {isa = PBXBuildFile; fileRef = C9B0640E16500CAD00020A5D /* color.hpp */; };
		C9B8E37B16262AD8000E5FC1 /* matrix.hpp in Headers */ = {isa = PBXBuildFile; fileRef = C94717AC16261C7F00B9C5F7 /* matrix.hpp */; };
		C9BFF8021524B24600066D6C /* libJNGL iOS.a in Frameworks */ = {isa = PBXBuildFile; fileRef = C96A1CA614FEE5D20065CD6B /* libJNGL iOS.a */; };
		C9BFF83E1524BB0A00066D6C /* libfreetype.a in Frameworks */ = {isa = PBXBuildFile; fileRef = C9BFF83D1524BB0A00066D6C /* libfreetype.a */; };
		C9BFF8401524BD0600066D6C /* window.cpp in Sources */ = {isa = PBXBuildFile; fileRef = C9BFF83F1524BD0600066D6C /* window.cpp */; };
		C9BFF84E1524C3F000066D6C /* time.cpp in Sources */ = {isa = PBXBuildFile; fileRef = C9BFF84D1524C3F000066D6C /* time.cpp */; };
		C9C95BA61529CE3A008EA579 /* windowimpl.cpp in Sources */ = {isa = PBXBuildFile; fileRef = C9C95BA51529CE3A008EA579 /* windowimpl.cpp */; };
		C9C95BA91529D070008EA579 /* JNGLView.h in Headers */ = {isa = PBXBuildFile; fileRef = C9C95BA71529D070008EA579 /* JNGLView.h */; settings = {ATTRIBUTES = (Public, ); }; };
		C9C95BAA1529D070008EA579 /* JNGLView.mm in Sources */ = {isa = PBXBuildFile; fileRef = C9C95BA81529D070008EA579 /* JNGLView.mm */; };
		C9CCF0B2204E9381005E371F /* WebPDecoder.framework in Frameworks */ = {isa = PBXBuildFile; fileRef = C9CCF0B1204E9381005E371F /* WebPDecoder.framework */; };
		C9E6CA86204DFC26004129BE /* Finally.cpp in Sources */ = {isa = PBXBuildFile; fileRef = C9E6CA84204DFC01004129BE /* Finally.cpp */; };
		C9F3AB8C1525F0B800A77E9F /* Arial.ttf in Resources */ = {isa = PBXBuildFile; fileRef = C9F3AB8A1525F0A800A77E9F /* Arial.ttf */; };
		C9F3AB901525F67000A77E9F /* test.ogg in Resources */ = {isa = PBXBuildFile; fileRef = C9F3AB8F1525F67000A77E9F /* test.ogg */; };
		C9F5FF33204DFB83008A21A2 /* Vorbis.framework in Frameworks */ = {isa = PBXBuildFile; fileRef = C9F5FF32204DFB83008A21A2 /* Vorbis.framework */; };
/* End PBXBuildFile section */

/* Begin PBXFileReference section */
		209C83AE1E74AE2500D3BE2D /* helper.cpp */ = {isa = PBXFileReference; fileEncoding = 4; lastKnownFileType = sourcecode.cpp.cpp; name = helper.cpp; path = src/helper.cpp; sourceTree = "<group>"; };
		209C83AF1E74AE2500D3BE2D /* helper.hpp */ = {isa = PBXFileReference; fileEncoding = 4; lastKnownFileType = sourcecode.cpp.h; name = helper.hpp; path = ../src/helper.hpp; sourceTree = "<group>"; };
		20A68D981E6EF5910082FA44 /* AVFoundation.framework */ = {isa = PBXFileReference; lastKnownFileType = wrapper.framework; name = AVFoundation.framework; path = System/Library/Frameworks/AVFoundation.framework; sourceTree = SDKROOT; };
		20A68D9A1E6EF59C0082FA44 /* libz.tbd */ = {isa = PBXFileReference; lastKnownFileType = "sourcecode.text-based-dylib-definition"; name = libz.tbd; path = usr/lib/libz.tbd; sourceTree = SDKROOT; };
		3D150EB01C3C2F58008A5DE2 /* message.cpp */ = {isa = PBXFileReference; fileEncoding = 4; lastKnownFileType = sourcecode.cpp.cpp; name = message.cpp; path = src/mac/message.cpp; sourceTree = "<group>"; };
		3D150EB21C3C2F9C008A5DE2 /* time.cpp */ = {isa = PBXFileReference; fileEncoding = 4; lastKnownFileType = sourcecode.cpp.cpp; name = time.cpp; path = src/jngl/time.cpp; sourceTree = "<group>"; };
		3D150EB41C3C2FC2008A5DE2 /* dll.hpp */ = {isa = PBXFileReference; fileEncoding = 4; lastKnownFileType = sourcecode.cpp.h; name = dll.hpp; path = ../src/jngl/dll.hpp; sourceTree = "<group>"; };
		3D150EB51C3C2FC2008A5DE2 /* main.hpp */ = {isa = PBXFileReference; fileEncoding = 4; lastKnownFileType = sourcecode.cpp.h; name = main.hpp; path = ../src/jngl/main.hpp; sourceTree = "<group>"; };
		3D150EB61C3C2FC2008A5DE2 /* message.hpp */ = {isa = PBXFileReference; fileEncoding = 4; lastKnownFileType = sourcecode.cpp.h; name = message.hpp; path = ../src/jngl/message.hpp; sourceTree = "<group>"; };
		3D150EB71C3C2FC2008A5DE2 /* other.hpp */ = {isa = PBXFileReference; fileEncoding = 4; lastKnownFileType = sourcecode.cpp.h; name = other.hpp; path = ../src/jngl/other.hpp; sourceTree = "<group>"; };
		3D150EB81C3C2FC2008A5DE2 /* time.hpp */ = {isa = PBXFileReference; fileEncoding = 4; lastKnownFileType = sourcecode.cpp.h; name = time.hpp; path = ../src/jngl/time.hpp; sourceTree = "<group>"; };
		3D150EB91C3C2FC2008A5DE2 /* window.cpp */ = {isa = PBXFileReference; fileEncoding = 4; lastKnownFileType = sourcecode.cpp.cpp; name = window.cpp; path = src/jngl/window.cpp; sourceTree = "<group>"; };
		C9196EE11607ACBA00A9E80D /* input.hpp */ = {isa = PBXFileReference; fileEncoding = 4; lastKnownFileType = sourcecode.cpp.h; name = input.hpp; path = ../src/jngl/input.hpp; sourceTree = "<group>"; };
		C9196EE41607B59800A9E80D /* input.cpp */ = {isa = PBXFileReference; fileEncoding = 4; lastKnownFileType = sourcecode.cpp.cpp; name = input.cpp; path = src/jngl/input.cpp; sourceTree = "<group>"; };
		C9196EF11607C94F00A9E80D /* input.cpp */ = {isa = PBXFileReference; fileEncoding = 4; lastKnownFileType = sourcecode.cpp.cpp; name = input.cpp; path = src/sdl/input.cpp; sourceTree = "<group>"; };
		C923BC4916066E4400BEFE2D /* font.hpp */ = {isa = PBXFileReference; fileEncoding = 4; lastKnownFileType = sourcecode.cpp.h; name = font.hpp; path = ../src/jngl/font.hpp; sourceTree = "<group>"; };
		C923BC4A16066E4400BEFE2D /* framebuffer.cpp */ = {isa = PBXFileReference; fileEncoding = 4; lastKnownFileType = sourcecode.cpp.cpp; name = framebuffer.cpp; path = src/jngl/framebuffer.cpp; sourceTree = "<group>"; };
		C923BC4B16066E4400BEFE2D /* framebuffer.hpp */ = {isa = PBXFileReference; fileEncoding = 4; lastKnownFileType = sourcecode.cpp.h; name = framebuffer.hpp; path = ../src/jngl/framebuffer.hpp; sourceTree = "<group>"; };
		C923BC5B16066EC300BEFE2D /* opengl.hpp */ = {isa = PBXFileReference; fileEncoding = 4; lastKnownFileType = sourcecode.cpp.h; name = opengl.hpp; path = ../src/opengl.hpp; sourceTree = "<group>"; };
		C92916711609BCEC00A69E46 /* job.cpp */ = {isa = PBXFileReference; fileEncoding = 4; lastKnownFileType = sourcecode.cpp.cpp; name = job.cpp; path = src/jngl/job.cpp; sourceTree = "<group>"; };
		C92916721609BCEC00A69E46 /* job.hpp */ = {isa = PBXFileReference; fileEncoding = 4; lastKnownFileType = sourcecode.cpp.h; name = job.hpp; path = ../src/jngl/job.hpp; sourceTree = "<group>"; };
		C92D3BB8204DFAFA00012403 /* Ogg.framework */ = {isa = PBXFileReference; lastKnownFileType = wrapper.framework; name = Ogg.framework; path = IDZPrecompiledOgg/Ogg.framework; sourceTree = "<group>"; };
		C9340335151F86C5007FEF8E /* windowimpl.hpp */ = {isa = PBXFileReference; lastKnownFileType = sourcecode.cpp.h; name = windowimpl.hpp; path = ../src/sdl/windowimpl.hpp; sourceTree = "<group>"; };
		C93A7E992057065800C796AC /* OpenAL.framework */ = {isa = PBXFileReference; lastKnownFileType = wrapper.framework; name = OpenAL.framework; path = Platforms/iPhoneOS.platform/Developer/SDKs/iPhoneOS10.2.sdk/System/Library/Frameworks/OpenAL.framework; sourceTree = DEVELOPER_DIR; };
		C93A7E9B2057067D00C796AC /* QuartzCore.framework */ = {isa = PBXFileReference; lastKnownFileType = wrapper.framework; name = QuartzCore.framework; path = Platforms/iPhoneOS.platform/Developer/SDKs/iPhoneOS10.2.sdk/System/Library/Frameworks/QuartzCore.framework; sourceTree = DEVELOPER_DIR; };
		C93A7E9D2057068F00C796AC /* OpenGLES.framework */ = {isa = PBXFileReference; lastKnownFileType = wrapper.framework; name = OpenGLES.framework; path = Platforms/iPhoneOS.platform/Developer/SDKs/iPhoneOS10.2.sdk/System/Library/Frameworks/OpenGLES.framework; sourceTree = DEVELOPER_DIR; };
		C93A7E9F205706A400C796AC /* UIKit.framework */ = {isa = PBXFileReference; lastKnownFileType = wrapper.framework; name = UIKit.framework; path = Platforms/iPhoneOS.platform/Developer/SDKs/iPhoneOS10.2.sdk/System/Library/Frameworks/UIKit.framework; sourceTree = DEVELOPER_DIR; };
		C93A7EA1205706C400C796AC /* AVFoundation.framework */ = {isa = PBXFileReference; lastKnownFileType = wrapper.framework; name = AVFoundation.framework; path = Platforms/iPhoneOS.platform/Developer/SDKs/iPhoneOS10.2.sdk/System/Library/Frameworks/AVFoundation.framework; sourceTree = DEVELOPER_DIR; };
		C93A89F8160B243300BA8D91 /* shapes.cpp */ = {isa = PBXFileReference; fileEncoding = 4; lastKnownFileType = sourcecode.cpp.cpp; name = shapes.cpp; path = src/jngl/shapes.cpp; sourceTree = "<group>"; };
		C93A89F9160B243300BA8D91 /* shapes.hpp */ = {isa = PBXFileReference; fileEncoding = 4; lastKnownFileType = sourcecode.cpp.h; name = shapes.hpp; path = ../src/jngl/shapes.hpp; sourceTree = "<group>"; };
		C93B324A14C1B0090053C668 /* sdl.cpp */ = {isa = PBXFileReference; fileEncoding = 4; lastKnownFileType = sourcecode.cpp.cpp; name = sdl.cpp; path = src/sdl/sdl.cpp; sourceTree = "<group>"; };
		C93B324E14C1B04A0053C668 /* sdl.hpp */ = {isa = PBXFileReference; fileEncoding = 4; lastKnownFileType = sourcecode.cpp.h; name = sdl.hpp; path = ../src/sdl/sdl.hpp; sourceTree = "<group>"; };
		C94717AC16261C7F00B9C5F7 /* matrix.hpp */ = {isa = PBXFileReference; lastKnownFileType = sourcecode.cpp.h; name = matrix.hpp; path = ../src/jngl/matrix.hpp; sourceTree = "<group>"; };
		C94EEDF61600D87D004F9FE0 /* debug.hpp */ = {isa = PBXFileReference; fileEncoding = 4; lastKnownFileType = sourcecode.cpp.h; name = debug.hpp; path = ../src/jngl/debug.hpp; sourceTree = "<group>"; };
		C94EEDF71600D87D004F9FE0 /* window.hpp */ = {isa = PBXFileReference; fileEncoding = 4; lastKnownFileType = sourcecode.cpp.h; name = window.hpp; path = ../src/jngl/window.hpp; sourceTree = "<group>"; };
		C94EEE301600ED1F004F9FE0 /* JNGLViewController.h */ = {isa = PBXFileReference; fileEncoding = 4; lastKnownFileType = sourcecode.c.h; name = JNGLViewController.h; path = ../../src/ios/JNGLViewController.h; sourceTree = "<group>"; };
		C94EEE311600ED1F004F9FE0 /* JNGLViewController.mm */ = {isa = PBXFileReference; fileEncoding = 4; lastKnownFileType = sourcecode.cpp.objcpp; name = JNGLViewController.mm; path = ../../src/ios/JNGLViewController.mm; sourceTree = "<group>"; };
		C95D98B5161CC9B000BAC980 /* all.hpp */ = {isa = PBXFileReference; lastKnownFileType = sourcecode.cpp.h; name = all.hpp; path = ../src/jngl/all.hpp; sourceTree = "<group>"; };
		C967FC6814A5FF8B0049D8F2 /* main.hpp */ = {isa = PBXFileReference; fileEncoding = 4; lastKnownFileType = sourcecode.cpp.h; name = main.hpp; path = ../src/main.hpp; sourceTree = "<group>"; };
		C96A1CA614FEE5D20065CD6B /* libJNGL iOS.a */ = {isa = PBXFileReference; explicitFileType = archive.ar; includeInIndex = 0; path = "libJNGL iOS.a"; sourceTree = BUILT_PRODUCTS_DIR; };
		C96A1CA714FEE5D20065CD6B /* Foundation.framework */ = {isa = PBXFileReference; lastKnownFileType = wrapper.framework; name = Foundation.framework; path = System/Library/Frameworks/Foundation.framework; sourceTree = SDKROOT; };
		C96A1CAB14FEE5D20065CD6B /* JNGL iOS-Prefix.pch */ = {isa = PBXFileReference; lastKnownFileType = sourcecode.c.h; path = "JNGL iOS-Prefix.pch"; sourceTree = "<group>"; };
		C96A1CC014FEE8410065CD6B /* Test iOS.app */ = {isa = PBXFileReference; explicitFileType = wrapper.application; includeInIndex = 0; path = "Test iOS.app"; sourceTree = BUILT_PRODUCTS_DIR; };
		C96A1CC914FEE8410065CD6B /* Test iOS-Info.plist */ = {isa = PBXFileReference; lastKnownFileType = text.plist.xml; path = "Test iOS-Info.plist"; sourceTree = "<group>"; };
		C96A1CCB14FEE8410065CD6B /* en */ = {isa = PBXFileReference; lastKnownFileType = text.plist.strings; name = en; path = en.lproj/InfoPlist.strings; sourceTree = "<group>"; };
		C96A1CCD14FEE8410065CD6B /* main.mm */ = {isa = PBXFileReference; lastKnownFileType = sourcecode.cpp.objcpp; path = main.mm; sourceTree = "<group>"; };
		C96A1CCF14FEE8410065CD6B /* Test iOS-Prefix.pch */ = {isa = PBXFileReference; lastKnownFileType = sourcecode.c.h; path = "Test iOS-Prefix.pch"; sourceTree = "<group>"; };
		C96A1CD014FEE8410065CD6B /* AppDelegate.h */ = {isa = PBXFileReference; lastKnownFileType = sourcecode.c.h; path = AppDelegate.h; sourceTree = "<group>"; };
		C96A1CD114FEE8410065CD6B /* AppDelegate.mm */ = {isa = PBXFileReference; lastKnownFileType = sourcecode.cpp.objcpp; path = AppDelegate.mm; sourceTree = "<group>"; };
		C96D4D0B15C1D6EB00E36715 /* test.cpp */ = {isa = PBXFileReference; fileEncoding = 4; lastKnownFileType = sourcecode.cpp.cpp; name = test.cpp; path = src/test/test.cpp; sourceTree = "<group>"; };
		C9740993160766FA002D1152 /* drawable.cpp */ = {isa = PBXFileReference; fileEncoding = 4; lastKnownFileType = sourcecode.cpp.cpp; name = drawable.cpp; path = src/jngl/drawable.cpp; sourceTree = "<group>"; };
		C9740994160766FA002D1152 /* drawable.hpp */ = {isa = PBXFileReference; fileEncoding = 4; lastKnownFileType = sourcecode.cpp.h; name = drawable.hpp; path = ../src/jngl/drawable.hpp; sourceTree = "<group>"; };
		C974099A16076969002D1152 /* screen.hpp */ = {isa = PBXFileReference; fileEncoding = 4; lastKnownFileType = sourcecode.cpp.h; name = screen.hpp; path = ../src/jngl/screen.hpp; sourceTree = "<group>"; };
		C974099D16076AE0002D1152 /* screen.cpp */ = {isa = PBXFileReference; fileEncoding = 4; lastKnownFileType = sourcecode.cpp.cpp; name = screen.cpp; path = src/jngl/screen.cpp; sourceTree = "<group>"; };
		C97409A016076C1C002D1152 /* text.hpp */ = {isa = PBXFileReference; fileEncoding = 4; lastKnownFileType = sourcecode.cpp.h; name = text.hpp; path = ../src/jngl/text.hpp; sourceTree = "<group>"; };
		C97409A316076CD1002D1152 /* text.cpp */ = {isa = PBXFileReference; fileEncoding = 4; lastKnownFileType = sourcecode.cpp.cpp; name = text.cpp; path = src/jngl/text.cpp; sourceTree = "<group>"; };
		C974F5821646EACF00463550 /* sound.hpp */ = {isa = PBXFileReference; lastKnownFileType = sourcecode.cpp.h; name = sound.hpp; path = ../src/jngl/sound.hpp; sourceTree = "<group>"; };
		C97A73101527AADA005AE562 /* time.hpp */ = {isa = PBXFileReference; lastKnownFileType = sourcecode.cpp.h; name = time.hpp; path = ../../src/ios/time.hpp; sourceTree = "<group>"; };
		C97F89361615323200F683FA /* jngl.webp */ = {isa = PBXFileReference; lastKnownFileType = file; name = jngl.webp; path = ../jngl.webp; sourceTree = "<group>"; };
		C98A18A915DEADB90038B716 /* work.hpp */ = {isa = PBXFileReference; lastKnownFileType = sourcecode.cpp.h; name = work.hpp; path = ../src/jngl/work.hpp; sourceTree = "<group>"; };
		C98A18AB15DEB30D0038B716 /* work.cpp */ = {isa = PBXFileReference; fileEncoding = 4; lastKnownFileType = sourcecode.cpp.cpp; name = work.cpp; path = src/jngl/work.cpp; sourceTree = "<group>"; };
		C98E8D2315249AEA0081B15A /* glew.h */ = {isa = PBXFileReference; lastKnownFileType = sourcecode.c.h; name = glew.h; path = ../../src/ios/glew.h; sourceTree = "<group>"; };
		C9A638C1204E96D600AB9534 /* Default-568h@2x.png */ = {isa = PBXFileReference; lastKnownFileType = image.png; path = "Default-568h@2x.png"; sourceTree = "<group>"; };
		C9AF94231610F63C002EC853 /* font.cpp */ = {isa = PBXFileReference; fileEncoding = 4; lastKnownFileType = sourcecode.cpp.cpp; name = font.cpp; path = src/jngl/font.cpp; sourceTree = "<group>"; };
		C9B0640D16500CAD00020A5D /* color.cpp */ = {isa = PBXFileReference; fileEncoding = 4; lastKnownFileType = sourcecode.cpp.cpp; name = color.cpp; path = src/jngl/color.cpp; sourceTree = "<group>"; };
		C9B0640E16500CAD00020A5D /* color.hpp */ = {isa = PBXFileReference; fileEncoding = 4; lastKnownFileType = sourcecode.cpp.h; name = color.hpp; path = ../src/jngl/color.hpp; sourceTree = "<group>"; };
		C9BFF8071524B2F600066D6C /* libjpeg.a */ = {isa = PBXFileReference; lastKnownFileType = archive.ar; name = libjpeg.a; path = ../lib/ios/libjpeg.a; sourceTree = "<group>"; };
		C9BFF83D1524BB0A00066D6C /* libfreetype.a */ = {isa = PBXFileReference; lastKnownFileType = archive.ar; name = libfreetype.a; path = ../lib/ios/libfreetype.a; sourceTree = "<group>"; };
		C9BFF83F1524BD0600066D6C /* window.cpp */ = {isa = PBXFileReference; fileEncoding = 4; lastKnownFileType = sourcecode.cpp.cpp; name = window.cpp; path = ../../src/ios/window.cpp; sourceTree = "<group>"; };
		C9BFF84D1524C3F000066D6C /* time.cpp */ = {isa = PBXFileReference; fileEncoding = 4; lastKnownFileType = sourcecode.cpp.cpp; name = time.cpp; path = ../../src/ios/time.cpp; sourceTree = "<group>"; };
		C9C95BA31529C978008EA579 /* windowimpl.hpp */ = {isa = PBXFileReference; lastKnownFileType = sourcecode.cpp.h; name = windowimpl.hpp; path = ../../src/ios/windowimpl.hpp; sourceTree = "<group>"; };
		C9C95BA51529CE3A008EA579 /* windowimpl.cpp */ = {isa = PBXFileReference; fileEncoding = 4; lastKnownFileType = sourcecode.cpp.cpp; name = windowimpl.cpp; path = ../../src/ios/windowimpl.cpp; sourceTree = "<group>"; };
		C9C95BA71529D070008EA579 /* JNGLView.h */ = {isa = PBXFileReference; fileEncoding = 4; lastKnownFileType = sourcecode.c.h; name = JNGLView.h; path = ../../src/ios/JNGLView.h; sourceTree = "<group>"; };
		C9C95BA81529D070008EA579 /* JNGLView.mm */ = {isa = PBXFileReference; fileEncoding = 4; lastKnownFileType = sourcecode.cpp.objcpp; name = JNGLView.mm; path = ../../src/ios/JNGLView.mm; sourceTree = "<group>"; };
		C9CCF0B1204E9381005E371F /* WebPDecoder.framework */ = {isa = PBXFileReference; lastKnownFileType = wrapper.framework; name = WebPDecoder.framework; path = ../lib/ios/WebPDecoder.framework; sourceTree = "<group>"; };
		C9E6CA84204DFC01004129BE /* Finally.cpp */ = {isa = PBXFileReference; fileEncoding = 4; lastKnownFileType = sourcecode.cpp.cpp; name = Finally.cpp; path = src/jngl/Finally.cpp; sourceTree = "<group>"; };
		C9E948E814A7C3EF0048EFCA /* Cocoa.framework */ = {isa = PBXFileReference; lastKnownFileType = wrapper.framework; name = Cocoa.framework; path = System/Library/Frameworks/Cocoa.framework; sourceTree = SDKROOT; };
		C9E948EB14A7C3EF0048EFCA /* AppKit.framework */ = {isa = PBXFileReference; lastKnownFileType = wrapper.framework; name = AppKit.framework; path = System/Library/Frameworks/AppKit.framework; sourceTree = SDKROOT; };
		C9E948EC14A7C3EF0048EFCA /* CoreData.framework */ = {isa = PBXFileReference; lastKnownFileType = wrapper.framework; name = CoreData.framework; path = System/Library/Frameworks/CoreData.framework; sourceTree = SDKROOT; };
		C9E948ED14A7C3EF0048EFCA /* Foundation.framework */ = {isa = PBXFileReference; lastKnownFileType = wrapper.framework; name = Foundation.framework; path = System/Library/Frameworks/Foundation.framework; sourceTree = SDKROOT; };
		C9E9E2C215C1D467006CCBD2 /* window.cpp */ = {isa = PBXFileReference; fileEncoding = 4; lastKnownFileType = sourcecode.cpp.cpp; name = window.cpp; path = src/sdl/window.cpp; sourceTree = "<group>"; };
		C9E9E2C415C1D47F006CCBD2 /* spriteimpl.cpp */ = {isa = PBXFileReference; fileEncoding = 4; lastKnownFileType = sourcecode.cpp.cpp; name = spriteimpl.cpp; path = src/spriteimpl.cpp; sourceTree = "<group>"; };
		C9E9E2C515C1D47F006CCBD2 /* spriteimpl.hpp */ = {isa = PBXFileReference; fileEncoding = 4; lastKnownFileType = sourcecode.cpp.h; name = spriteimpl.hpp; path = ../src/spriteimpl.hpp; sourceTree = "<group>"; };
		C9E9E2CA15C1D4BD006CCBD2 /* audio.cpp */ = {isa = PBXFileReference; fileEncoding = 4; lastKnownFileType = sourcecode.cpp.cpp; name = audio.cpp; path = src/audio.cpp; sourceTree = "<group>"; };
		C9E9E2CD15C1D4BD006CCBD2 /* framebufferimpl.cpp */ = {isa = PBXFileReference; fileEncoding = 4; lastKnownFileType = sourcecode.cpp.cpp; name = framebufferimpl.cpp; path = src/framebufferimpl.cpp; sourceTree = "<group>"; };
		C9E9E2CE15C1D4BD006CCBD2 /* freetype.cpp */ = {isa = PBXFileReference; fileEncoding = 4; lastKnownFileType = sourcecode.cpp.cpp; name = freetype.cpp; path = src/freetype.cpp; sourceTree = "<group>"; };
		C9E9E2CF15C1D4BD006CCBD2 /* main.cpp */ = {isa = PBXFileReference; fileEncoding = 4; lastKnownFileType = sourcecode.cpp.cpp; name = main.cpp; path = src/main.cpp; sourceTree = "<group>"; };
		C9E9E2D015C1D4BD006CCBD2 /* opengl.cpp */ = {isa = PBXFileReference; fileEncoding = 4; lastKnownFileType = sourcecode.cpp.cpp; name = opengl.cpp; path = src/opengl.cpp; sourceTree = "<group>"; };
		C9E9E2D215C1D4BD006CCBD2 /* texture.cpp */ = {isa = PBXFileReference; fileEncoding = 4; lastKnownFileType = sourcecode.cpp.cpp; name = texture.cpp; path = src/texture.cpp; sourceTree = "<group>"; };
		C9E9E2D315C1D4BD006CCBD2 /* window.cpp */ = {isa = PBXFileReference; fileEncoding = 4; lastKnownFileType = sourcecode.cpp.cpp; name = window.cpp; path = src/window.cpp; sourceTree = "<group>"; };
		C9E9E2D415C1D4BD006CCBD2 /* windowptr.cpp */ = {isa = PBXFileReference; fileEncoding = 4; lastKnownFileType = sourcecode.cpp.cpp; name = windowptr.cpp; path = src/windowptr.cpp; sourceTree = "<group>"; };
		C9E9E2E515C1D52A006CCBD2 /* sprite.cpp */ = {isa = PBXFileReference; fileEncoding = 4; lastKnownFileType = sourcecode.cpp.cpp; name = sprite.cpp; path = src/jngl/sprite.cpp; sourceTree = "<group>"; };
		C9E9E2E615C1D52A006CCBD2 /* sprite.hpp */ = {isa = PBXFileReference; fileEncoding = 4; lastKnownFileType = sourcecode.cpp.h; name = sprite.hpp; path = ../src/jngl/sprite.hpp; sourceTree = "<group>"; };
		C9E9E2E715C1D52A006CCBD2 /* types.hpp */ = {isa = PBXFileReference; fileEncoding = 4; lastKnownFileType = sourcecode.cpp.h; name = types.hpp; path = ../src/jngl/types.hpp; sourceTree = "<group>"; };
		C9F1894813EB288D005E43B3 /* callbacks.h */ = {isa = PBXFileReference; fileEncoding = 4; lastKnownFileType = sourcecode.c.h; name = callbacks.h; path = ../src/callbacks.h; sourceTree = "<group>"; };
		C9F1AF3113EAED790086B474 /* OpenGL.framework */ = {isa = PBXFileReference; lastKnownFileType = wrapper.framework; name = OpenGL.framework; path = System/Library/Frameworks/OpenGL.framework; sourceTree = SDKROOT; };
		C9F1AF3413EAED8A0086B474 /* OpenAL.framework */ = {isa = PBXFileReference; lastKnownFileType = wrapper.framework; name = OpenAL.framework; path = System/Library/Frameworks/OpenAL.framework; sourceTree = SDKROOT; };
		C9F1AF5113EAEF420086B474 /* audio.hpp */ = {isa = PBXFileReference; fileEncoding = 4; lastKnownFileType = sourcecode.cpp.h; name = audio.hpp; path = ../src/audio.hpp; sourceTree = "<group>"; };
		C9F1AF5B13EAEF420086B474 /* draw.hpp */ = {isa = PBXFileReference; fileEncoding = 4; lastKnownFileType = sourcecode.cpp.h; name = draw.hpp; path = ../src/draw.hpp; sourceTree = "<group>"; };
		C9F1AF7513EAEF420086B474 /* framebufferimpl.hpp */ = {isa = PBXFileReference; fileEncoding = 4; lastKnownFileType = sourcecode.cpp.h; name = framebufferimpl.hpp; path = ../src/framebufferimpl.hpp; sourceTree = "<group>"; };
		C9F1AF7713EAEF420086B474 /* freetype.hpp */ = {isa = PBXFileReference; fileEncoding = 4; lastKnownFileType = sourcecode.cpp.h; name = freetype.hpp; path = ../src/freetype.hpp; sourceTree = "<group>"; };
		C9F1AFCA13EAEF420086B474 /* jngl.hpp */ = {isa = PBXFileReference; fileEncoding = 4; lastKnownFileType = sourcecode.cpp.h; name = jngl.hpp; path = ../src/jngl.hpp; sourceTree = "<group>"; };
		C9F1AFF313EAEF420086B474 /* texture.hpp */ = {isa = PBXFileReference; fileEncoding = 4; lastKnownFileType = sourcecode.cpp.h; name = texture.hpp; path = ../src/texture.hpp; sourceTree = "<group>"; };
		C9F1B00413EAEF420086B474 /* window.hpp */ = {isa = PBXFileReference; fileEncoding = 4; lastKnownFileType = sourcecode.cpp.h; name = window.hpp; path = ../src/window.hpp; sourceTree = "<group>"; };
		C9F1B00613EAEF420086B474 /* windowptr.hpp */ = {isa = PBXFileReference; fileEncoding = 4; lastKnownFileType = sourcecode.cpp.h; name = windowptr.hpp; path = ../src/windowptr.hpp; sourceTree = "<group>"; };
		C9F3AB8A1525F0A800A77E9F /* Arial.ttf */ = {isa = PBXFileReference; lastKnownFileType = file; name = Arial.ttf; path = ../Arial.ttf; sourceTree = "<group>"; };
		C9F3AB8D1525F0DC00A77E9F /* jngl.png */ = {isa = PBXFileReference; lastKnownFileType = image.png; name = jngl.png; path = ../jngl.png; sourceTree = "<group>"; };
		C9F3AB8F1525F67000A77E9F /* test.ogg */ = {isa = PBXFileReference; lastKnownFileType = file; name = test.ogg; path = ../test.ogg; sourceTree = "<group>"; };
		C9F5FF32204DFB83008A21A2 /* Vorbis.framework */ = {isa = PBXFileReference; lastKnownFileType = wrapper.framework; name = Vorbis.framework; path = IDZPrecompiledVorbis/Vorbis.framework; sourceTree = "<group>"; };
/* End PBXFileReference section */

/* Begin PBXFrameworksBuildPhase section */
		C96A1CA314FEE5D20065CD6B /* Frameworks */ = {
			isa = PBXFrameworksBuildPhase;
			buildActionMask = 2147483647;
			files = (
				20BC2D46204EA20000FF9F69 /* Ogg.framework in Frameworks */,
				20BC2D45204EA1E700FF9F69 /* Vorbis.framework in Frameworks */,
			);
			runOnlyForDeploymentPostprocessing = 0;
		};
		C96A1CBD14FEE8410065CD6B /* Frameworks */ = {
			isa = PBXFrameworksBuildPhase;
			buildActionMask = 2147483647;
			files = (
				C93A7EA2205706C400C796AC /* AVFoundation.framework in Frameworks */,
				C93A7EA0205706A400C796AC /* UIKit.framework in Frameworks */,
				C93A7E9E2057068F00C796AC /* OpenGLES.framework in Frameworks */,
				C93A7E9C2057067D00C796AC /* QuartzCore.framework in Frameworks */,
				C93A7E9A2057065800C796AC /* OpenAL.framework in Frameworks */,
				C9CCF0B2204E9381005E371F /* WebPDecoder.framework in Frameworks */,
				C9F5FF33204DFB83008A21A2 /* Vorbis.framework in Frameworks */,
				C92D3BB9204DFAFA00012403 /* Ogg.framework in Frameworks */,
				C9BFF83E1524BB0A00066D6C /* libfreetype.a in Frameworks */,
				C9BFF8021524B24600066D6C /* libJNGL iOS.a in Frameworks */,
				C96A1CC414FEE8410065CD6B /* Foundation.framework in Frameworks */,
			);
			runOnlyForDeploymentPostprocessing = 0;
		};
/* End PBXFrameworksBuildPhase section */

/* Begin PBXGroup section */
		3D150EAF1C3C2F49008A5DE2 /* mac */ = {
			isa = PBXGroup;
			children = (
				3D150EB01C3C2F58008A5DE2 /* message.cpp */,
			);
			name = mac;
			sourceTree = "<group>";
		};
		C921153813EABBF100770E49 = {
			isa = PBXGroup;
			children = (
				C9A638C1204E96D600AB9534 /* Default-568h@2x.png */,
				C97F89361615323200F683FA /* jngl.webp */,
				C9F3AB8F1525F67000A77E9F /* test.ogg */,
				C9F3AB8D1525F0DC00A77E9F /* jngl.png */,
				C9F3AB8A1525F0A800A77E9F /* Arial.ttf */,
				C9BFF83C1524B83E00066D6C /* lib */,
				C9F1B09F13EAF1D00086B474 /* Header Files */,
				C9F1AF3613EAEF420086B474 /* Source Files */,
				C96A1CA914FEE5D20065CD6B /* JNGL iOS */,
				C96A1CC714FEE8410065CD6B /* Test iOS */,
				C9E948E714A7C3EF0048EFCA /* Frameworks */,
				C921154413EABBF100770E49 /* Products */,
			);
			sourceTree = "<group>";
		};
		C921154413EABBF100770E49 /* Products */ = {
			isa = PBXGroup;
			children = (
				C96A1CA614FEE5D20065CD6B /* libJNGL iOS.a */,
				C96A1CC014FEE8410065CD6B /* Test iOS.app */,
			);
			name = Products;
			sourceTree = "<group>";
		};
		C93B324D14C1B0340053C668 /* sdl */ = {
			isa = PBXGroup;
			children = (
				C93B324E14C1B04A0053C668 /* sdl.hpp */,
				C9340335151F86C5007FEF8E /* windowimpl.hpp */,
			);
			name = sdl;
			sourceTree = "<group>";
		};
		C96A1CA914FEE5D20065CD6B /* JNGL iOS */ = {
			isa = PBXGroup;
			children = (
				C98E8D2315249AEA0081B15A /* glew.h */,
				C9C95BA71529D070008EA579 /* JNGLView.h */,
				C9C95BA81529D070008EA579 /* JNGLView.mm */,
				C94EEE301600ED1F004F9FE0 /* JNGLViewController.h */,
				C94EEE311600ED1F004F9FE0 /* JNGLViewController.mm */,
				C96A1CAA14FEE5D20065CD6B /* Supporting Files */,
				C9BFF84D1524C3F000066D6C /* time.cpp */,
				C97A73101527AADA005AE562 /* time.hpp */,
				C9BFF83F1524BD0600066D6C /* window.cpp */,
				C9C95BA51529CE3A008EA579 /* windowimpl.cpp */,
				C9C95BA31529C978008EA579 /* windowimpl.hpp */,
			);
			path = "JNGL iOS";
			sourceTree = "<group>";
		};
		C96A1CAA14FEE5D20065CD6B /* Supporting Files */ = {
			isa = PBXGroup;
			children = (
				C96A1CAB14FEE5D20065CD6B /* JNGL iOS-Prefix.pch */,
			);
			name = "Supporting Files";
			sourceTree = "<group>";
		};
		C96A1CC714FEE8410065CD6B /* Test iOS */ = {
			isa = PBXGroup;
			children = (
				C96A1CD014FEE8410065CD6B /* AppDelegate.h */,
				C96A1CD114FEE8410065CD6B /* AppDelegate.mm */,
				C96A1CC814FEE8410065CD6B /* Supporting Files */,
			);
			path = "Test iOS";
			sourceTree = "<group>";
		};
		C96A1CC814FEE8410065CD6B /* Supporting Files */ = {
			isa = PBXGroup;
			children = (
				C96A1CC914FEE8410065CD6B /* Test iOS-Info.plist */,
				C96A1CCA14FEE8410065CD6B /* InfoPlist.strings */,
				C96A1CCD14FEE8410065CD6B /* main.mm */,
				C96A1CCF14FEE8410065CD6B /* Test iOS-Prefix.pch */,
			);
			name = "Supporting Files";
			sourceTree = "<group>";
		};
		C99A094713EC503A006C46FF /* sdl */ = {
			isa = PBXGroup;
			children = (
				C9196EF11607C94F00A9E80D /* input.cpp */,
				C93B324A14C1B0090053C668 /* sdl.cpp */,
				C9E9E2C215C1D467006CCBD2 /* window.cpp */,
			);
			name = sdl;
			sourceTree = "<group>";
		};
		C9BFF83C1524B83E00066D6C /* lib */ = {
			isa = PBXGroup;
			children = (
				C9BFF83D1524BB0A00066D6C /* libfreetype.a */,
				C9BFF8071524B2F600066D6C /* libjpeg.a */,
				C9F1AF3413EAED8A0086B474 /* OpenAL.framework */,
				C9F1AF3113EAED790086B474 /* OpenGL.framework */,
			);
			name = lib;
			sourceTree = "<group>";
		};
		C9E948E714A7C3EF0048EFCA /* Frameworks */ = {
			isa = PBXGroup;
			children = (
				C93A7EA1205706C400C796AC /* AVFoundation.framework */,
				C93A7E9F205706A400C796AC /* UIKit.framework */,
				C93A7E9D2057068F00C796AC /* OpenGLES.framework */,
				C93A7E9B2057067D00C796AC /* QuartzCore.framework */,
				C93A7E992057065800C796AC /* OpenAL.framework */,
				C9CCF0B1204E9381005E371F /* WebPDecoder.framework */,
				C9F5FF32204DFB83008A21A2 /* Vorbis.framework */,
				C92D3BB8204DFAFA00012403 /* Ogg.framework */,
				20A68D9A1E6EF59C0082FA44 /* libz.tbd */,
				20A68D981E6EF5910082FA44 /* AVFoundation.framework */,
				C9E948E814A7C3EF0048EFCA /* Cocoa.framework */,
				C96A1CA714FEE5D20065CD6B /* Foundation.framework */,
				C9E948EA14A7C3EF0048EFCA /* Other Frameworks */,
			);
			name = Frameworks;
			sourceTree = "<group>";
		};
		C9E948EA14A7C3EF0048EFCA /* Other Frameworks */ = {
			isa = PBXGroup;
			children = (
				C9E948EB14A7C3EF0048EFCA /* AppKit.framework */,
				C9E948EC14A7C3EF0048EFCA /* CoreData.framework */,
				C9E948ED14A7C3EF0048EFCA /* Foundation.framework */,
			);
			name = "Other Frameworks";
			sourceTree = "<group>";
		};
		C9E9E2E415C1D516006CCBD2 /* jngl */ = {
			isa = PBXGroup;
			children = (
				3D150EB91C3C2FC2008A5DE2 /* window.cpp */,
				3D150EB21C3C2F9C008A5DE2 /* time.cpp */,
				C9AF94231610F63C002EC853 /* font.cpp */,
				C9B0640D16500CAD00020A5D /* color.cpp */,
				C9740993160766FA002D1152 /* drawable.cpp */,
				C9E6CA84204DFC01004129BE /* Finally.cpp */,
				C923BC4A16066E4400BEFE2D /* framebuffer.cpp */,
				C9196EE41607B59800A9E80D /* input.cpp */,
				C92916711609BCEC00A69E46 /* job.cpp */,
				C974099D16076AE0002D1152 /* screen.cpp */,
				C93A89F8160B243300BA8D91 /* shapes.cpp */,
				C9E9E2E515C1D52A006CCBD2 /* sprite.cpp */,
				C97409A316076CD1002D1152 /* text.cpp */,
				C98A18AB15DEB30D0038B716 /* work.cpp */,
			);
			name = jngl;
			sourceTree = "<group>";
		};
		C9E9E2EB15C1D531006CCBD2 /* jngl */ = {
			isa = PBXGroup;
			children = (
				C95D98B5161CC9B000BAC980 /* all.hpp */,
				C9B0640E16500CAD00020A5D /* color.hpp */,
				C94EEDF61600D87D004F9FE0 /* debug.hpp */,
				3D150EB41C3C2FC2008A5DE2 /* dll.hpp */,
				C9740994160766FA002D1152 /* drawable.hpp */,
				C923BC4916066E4400BEFE2D /* font.hpp */,
				C923BC4B16066E4400BEFE2D /* framebuffer.hpp */,
				C9196EE11607ACBA00A9E80D /* input.hpp */,
				C92916721609BCEC00A69E46 /* job.hpp */,
				3D150EB51C3C2FC2008A5DE2 /* main.hpp */,
				C94717AC16261C7F00B9C5F7 /* matrix.hpp */,
				3D150EB61C3C2FC2008A5DE2 /* message.hpp */,
				3D150EB71C3C2FC2008A5DE2 /* other.hpp */,
				C974099A16076969002D1152 /* screen.hpp */,
				C93A89F9160B243300BA8D91 /* shapes.hpp */,
				C974F5821646EACF00463550 /* sound.hpp */,
				C9E9E2E615C1D52A006CCBD2 /* sprite.hpp */,
				C97409A016076C1C002D1152 /* text.hpp */,
				3D150EB81C3C2FC2008A5DE2 /* time.hpp */,
				C9E9E2E715C1D52A006CCBD2 /* types.hpp */,
				C94EEDF71600D87D004F9FE0 /* window.hpp */,
				C98A18A915DEADB90038B716 /* work.hpp */,
			);
			name = jngl;
			sourceTree = "<group>";
		};
		C9E9E2EE15C1D5EC006CCBD2 /* test */ = {
			isa = PBXGroup;
			children = (
				C96D4D0B15C1D6EB00E36715 /* test.cpp */,
			);
			name = test;
			sourceTree = "<group>";
		};
		C9F1AF3613EAEF420086B474 /* Source Files */ = {
			isa = PBXGroup;
			children = (
				209C83AE1E74AE2500D3BE2D /* helper.cpp */,
				3D150EAF1C3C2F49008A5DE2 /* mac */,
				C9E9E2EE15C1D5EC006CCBD2 /* test */,
				C9E9E2E415C1D516006CCBD2 /* jngl */,
				C99A094713EC503A006C46FF /* sdl */,
				C9E9E2CA15C1D4BD006CCBD2 /* audio.cpp */,
				C9E9E2CD15C1D4BD006CCBD2 /* framebufferimpl.cpp */,
				C9E9E2CE15C1D4BD006CCBD2 /* freetype.cpp */,
				C9E9E2CF15C1D4BD006CCBD2 /* main.cpp */,
				C9E9E2D015C1D4BD006CCBD2 /* opengl.cpp */,
				C9E9E2C415C1D47F006CCBD2 /* spriteimpl.cpp */,
				C9E9E2D215C1D4BD006CCBD2 /* texture.cpp */,
				C9E9E2D315C1D4BD006CCBD2 /* window.cpp */,
				C9E9E2D415C1D4BD006CCBD2 /* windowptr.cpp */,
			);
			name = "Source Files";
			path = ..;
			sourceTree = "<group>";
		};
		C9F1B09F13EAF1D00086B474 /* Header Files */ = {
			isa = PBXGroup;
			children = (
				209C83AF1E74AE2500D3BE2D /* helper.hpp */,
				C9F1AF5113EAEF420086B474 /* audio.hpp */,
				C9F1894813EB288D005E43B3 /* callbacks.h */,
				C9F1AF5B13EAEF420086B474 /* draw.hpp */,
				C9F1AF7513EAEF420086B474 /* framebufferimpl.hpp */,
				C9F1AF7713EAEF420086B474 /* freetype.hpp */,
				C9E9E2EB15C1D531006CCBD2 /* jngl */,
				C9F1AFCA13EAEF420086B474 /* jngl.hpp */,
				C967FC6814A5FF8B0049D8F2 /* main.hpp */,
				C923BC5B16066EC300BEFE2D /* opengl.hpp */,
				C93B324D14C1B0340053C668 /* sdl */,
				C9E9E2C515C1D47F006CCBD2 /* spriteimpl.hpp */,
				C9F1AFF313EAEF420086B474 /* texture.hpp */,
				C9F1B00413EAEF420086B474 /* window.hpp */,
				C9F1B00613EAEF420086B474 /* windowptr.hpp */,
			);
			name = "Header Files";
			sourceTree = "<group>";
		};
/* End PBXGroup section */

/* Begin PBXHeadersBuildPhase section */
		C96A1CA414FEE5D20065CD6B /* Headers */ = {
			isa = PBXHeadersBuildPhase;
			buildActionMask = 2147483647;
			files = (
				C9C95BA91529D070008EA579 /* JNGLView.h in Headers */,
				C9B8E37B16262AD8000E5FC1 /* matrix.hpp in Headers */,
				C94EEDF91600D87D004F9FE0 /* debug.hpp in Headers */,
				C94EEDFB1600D87D004F9FE0 /* window.hpp in Headers */,
				C94EEE321600ED1F004F9FE0 /* JNGLViewController.h in Headers */,
				C923BC4E16066E4400BEFE2D /* font.hpp in Headers */,
				C923BC5216066E4400BEFE2D /* framebuffer.hpp in Headers */,
				C923BC5D16066EC300BEFE2D /* opengl.hpp in Headers */,
				C9740998160766FA002D1152 /* drawable.hpp in Headers */,
				C974099C16076969002D1152 /* screen.hpp in Headers */,
				C97409A216076C1D002D1152 /* text.hpp in Headers */,
				C92916761609BCEC00A69E46 /* job.hpp in Headers */,
				209C83B21E74AE5D00D3BE2D /* helper.hpp in Headers */,
				C93A89FD160B243300BA8D91 /* shapes.hpp in Headers */,
				C9B0641216500CAD00020A5D /* color.hpp in Headers */,
			);
			runOnlyForDeploymentPostprocessing = 0;
		};
/* End PBXHeadersBuildPhase section */

/* Begin PBXNativeTarget section */
		C96A1CA514FEE5D20065CD6B /* JNGL iOS */ = {
			isa = PBXNativeTarget;
			buildConfigurationList = C96A1CB114FEE5D20065CD6B /* Build configuration list for PBXNativeTarget "JNGL iOS" */;
			buildPhases = (
				C96A1CA214FEE5D20065CD6B /* Sources */,
				C96A1CA314FEE5D20065CD6B /* Frameworks */,
				C96A1CA414FEE5D20065CD6B /* Headers */,
			);
			buildRules = (
			);
			dependencies = (
			);
			name = "JNGL iOS";
			productName = "JNGL iOS";
			productReference = C96A1CA614FEE5D20065CD6B /* libJNGL iOS.a */;
			productType = "com.apple.product-type.library.static";
		};
		C96A1CBF14FEE8410065CD6B /* Test iOS */ = {
			isa = PBXNativeTarget;
			buildConfigurationList = C96A1CD314FEE8410065CD6B /* Build configuration list for PBXNativeTarget "Test iOS" */;
			buildPhases = (
				C96A1CBC14FEE8410065CD6B /* Sources */,
				C96A1CBD14FEE8410065CD6B /* Frameworks */,
				C96A1CBE14FEE8410065CD6B /* Resources */,
			);
			buildRules = (
			);
			dependencies = (
			);
			name = "Test iOS";
			productName = "Test iOS";
			productReference = C96A1CC014FEE8410065CD6B /* Test iOS.app */;
			productType = "com.apple.product-type.application";
		};
/* End PBXNativeTarget section */

/* Begin PBXProject section */
		C921153A13EABBF100770E49 /* Project object */ = {
			isa = PBXProject;
			attributes = {
				LastUpgradeCheck = 0820;
				TargetAttributes = {
					C96A1CBF14FEE8410065CD6B = {
						DevelopmentTeam = CX2RT643KR;
					};
				};
			};
			buildConfigurationList = C921153D13EABBF100770E49 /* Build configuration list for PBXProject "JNGL" */;
			compatibilityVersion = "Xcode 3.2";
			developmentRegion = English;
			hasScannedForEncodings = 0;
			knownRegions = (
				en,
			);
			mainGroup = C921153813EABBF100770E49;
			productRefGroup = C921154413EABBF100770E49 /* Products */;
			projectDirPath = "";
			projectRoot = "";
			targets = (
				C96A1CA514FEE5D20065CD6B /* JNGL iOS */,
				C96A1CBF14FEE8410065CD6B /* Test iOS */,
			);
		};
/* End PBXProject section */

/* Begin PBXResourcesBuildPhase section */
		C96A1CBE14FEE8410065CD6B /* Resources */ = {
			isa = PBXResourcesBuildPhase;
			buildActionMask = 2147483647;
			files = (
				C97F89371615323200F683FA /* jngl.webp in Resources */,
				C9F3AB901525F67000A77E9F /* test.ogg in Resources */,
				C9F3AB8C1525F0B800A77E9F /* Arial.ttf in Resources */,
				C9A638C2204E96D600AB9534 /* Default-568h@2x.png in Resources */,
				C96A1CCC14FEE8410065CD6B /* InfoPlist.strings in Resources */,
			);
			runOnlyForDeploymentPostprocessing = 0;
		};
/* End PBXResourcesBuildPhase section */

/* Begin PBXSourcesBuildPhase section */
		C96A1CA214FEE5D20065CD6B /* Sources */ = {
			isa = PBXSourcesBuildPhase;
			buildActionMask = 2147483647;
			files = (
				C93A963215E3B49B003525E8 /* sprite.cpp in Sources */,
				C93A963315E3B49B003525E8 /* audio.cpp in Sources */,
				C93A963615E3B49B003525E8 /* framebufferimpl.cpp in Sources */,
				C93A963715E3B49B003525E8 /* freetype.cpp in Sources */,
				C93A963815E3B49B003525E8 /* main.cpp in Sources */,
				C93A963915E3B49B003525E8 /* opengl.cpp in Sources */,
				C93A963A15E3B49B003525E8 /* spriteimpl.cpp in Sources */,
				C93A963C15E3B49B003525E8 /* texture.cpp in Sources */,
				C93A963D15E3B49B003525E8 /* window.cpp in Sources */,
				C93A963E15E3B49B003525E8 /* windowptr.cpp in Sources */,
				C9BFF8401524BD0600066D6C /* window.cpp in Sources */,
				C9E6CA86204DFC26004129BE /* Finally.cpp in Sources */,
				C9BFF84E1524C3F000066D6C /* time.cpp in Sources */,
				C9C95BA61529CE3A008EA579 /* windowimpl.cpp in Sources */,
				C9C95BAA1529D070008EA579 /* JNGLView.mm in Sources */,
				C98A18AD15DEB30D0038B716 /* work.cpp in Sources */,
				C94EEE331600ED1F004F9FE0 /* JNGLViewController.mm in Sources */,
				C923BC5016066E4400BEFE2D /* framebuffer.cpp in Sources */,
				C9740996160766FA002D1152 /* drawable.cpp in Sources */,
				C974099F16076AE0002D1152 /* screen.cpp in Sources */,
				C97409A516076CD1002D1152 /* text.cpp in Sources */,
				C9196EE61607B59800A9E80D /* input.cpp in Sources */,
				209C83B41E74AE8D00D3BE2D /* message.cpp in Sources */,
				209C83B31E74AE5D00D3BE2D /* helper.cpp in Sources */,
				C92916741609BCEC00A69E46 /* job.cpp in Sources */,
				C93A89FB160B243300BA8D91 /* shapes.cpp in Sources */,
				C9AF94251610F63C002EC853 /* font.cpp in Sources */,
				C9B0641016500CAD00020A5D /* color.cpp in Sources */,
			);
			runOnlyForDeploymentPostprocessing = 0;
		};
		C96A1CBC14FEE8410065CD6B /* Sources */ = {
			isa = PBXSourcesBuildPhase;
			buildActionMask = 2147483647;
			files = (
				C96A1CCE14FEE8410065CD6B /* main.mm in Sources */,
				C96A1CD214FEE8410065CD6B /* AppDelegate.mm in Sources */,
			);
			runOnlyForDeploymentPostprocessing = 0;
		};
/* End PBXSourcesBuildPhase section */

/* Begin PBXVariantGroup section */
		C96A1CCA14FEE8410065CD6B /* InfoPlist.strings */ = {
			isa = PBXVariantGroup;
			children = (
				C96A1CCB14FEE8410065CD6B /* en */,
			);
			name = InfoPlist.strings;
			sourceTree = "<group>";
		};
/* End PBXVariantGroup section */

/* Begin XCBuildConfiguration section */
		C921154513EABBF100770E49 /* Debug */ = {
			isa = XCBuildConfiguration;
			buildSettings = {
				ALWAYS_SEARCH_USER_PATHS = NO;
				CLANG_CXX_LANGUAGE_STANDARD = "c++0x";
				CLANG_CXX_LIBRARY = "libc++";
				CLANG_WARN_BOOL_CONVERSION = YES;
				CLANG_WARN_CONSTANT_CONVERSION = YES;
				CLANG_WARN_EMPTY_BODY = YES;
				CLANG_WARN_ENUM_CONVERSION = YES;
				CLANG_WARN_INFINITE_RECURSION = YES;
				CLANG_WARN_INT_CONVERSION = YES;
				CLANG_WARN_SUSPICIOUS_MOVE = YES;
				CLANG_WARN_UNREACHABLE_CODE = YES;
				CLANG_WARN__DUPLICATE_METHOD_MATCH = YES;
				COPY_PHASE_STRIP = NO;
				ENABLE_STRICT_OBJC_MSGSEND = YES;
				ENABLE_TESTABILITY = YES;
				GCC_C_LANGUAGE_STANDARD = gnu99;
				GCC_DYNAMIC_NO_PIC = NO;
				GCC_ENABLE_OBJC_EXCEPTIONS = YES;
				GCC_NO_COMMON_BLOCKS = YES;
				GCC_OPTIMIZATION_LEVEL = 0;
				GCC_PREPROCESSOR_DEFINITIONS = (
					"DEBUG=1",
					"$(inherited)",
					"NO_WEAK_LINKING_OPENAL=1",
				);
				GCC_SYMBOLS_PRIVATE_EXTERN = YES;
				GCC_VERSION = com.apple.compilers.llvm.clang.1_0;
				GCC_WARN_64_TO_32_BIT_CONVERSION = YES;
				GCC_WARN_ABOUT_MISSING_PROTOTYPES = NO;
				GCC_WARN_ABOUT_RETURN_TYPE = YES;
				GCC_WARN_UNDECLARED_SELECTOR = YES;
				GCC_WARN_UNINITIALIZED_AUTOS = YES;
				GCC_WARN_UNUSED_FUNCTION = YES;
				GCC_WARN_UNUSED_VARIABLE = YES;
				HEADER_SEARCH_PATHS = "";
				MACOSX_DEPLOYMENT_TARGET = 10.7;
				ONLY_ACTIVE_ARCH = YES;
				OTHER_CPLUSPLUSFLAGS = (
					"$(OTHER_CFLAGS)",
					"-isystem",
					/usr/local/include,
				);
				RUN_CLANG_STATIC_ANALYZER = NO;
				SDKROOT = macosx;
			};
			name = Debug;
		};
		C921154613EABBF100770E49 /* Release */ = {
			isa = XCBuildConfiguration;
			buildSettings = {
				ALWAYS_SEARCH_USER_PATHS = NO;
				CLANG_CXX_LANGUAGE_STANDARD = "c++0x";
				CLANG_CXX_LIBRARY = "libc++";
				CLANG_WARN_BOOL_CONVERSION = YES;
				CLANG_WARN_CONSTANT_CONVERSION = YES;
				CLANG_WARN_EMPTY_BODY = YES;
				CLANG_WARN_ENUM_CONVERSION = YES;
				CLANG_WARN_INFINITE_RECURSION = YES;
				CLANG_WARN_INT_CONVERSION = YES;
				CLANG_WARN_SUSPICIOUS_MOVE = YES;
				CLANG_WARN_UNREACHABLE_CODE = YES;
				CLANG_WARN__DUPLICATE_METHOD_MATCH = YES;
				COPY_PHASE_STRIP = YES;
				DEBUG_INFORMATION_FORMAT = "dwarf-with-dsym";
				ENABLE_STRICT_OBJC_MSGSEND = YES;
				GCC_C_LANGUAGE_STANDARD = gnu99;
				GCC_ENABLE_OBJC_EXCEPTIONS = YES;
				GCC_NO_COMMON_BLOCKS = YES;
				GCC_PREPROCESSOR_DEFINITIONS = (
					"NDEBUG=1",
					"NO_WEAK_LINKING_OPENAL=1",
				);
				GCC_SYMBOLS_PRIVATE_EXTERN = YES;
				GCC_VERSION = com.apple.compilers.llvm.clang.1_0;
				GCC_WARN_64_TO_32_BIT_CONVERSION = YES;
				GCC_WARN_ABOUT_MISSING_PROTOTYPES = NO;
				GCC_WARN_ABOUT_RETURN_TYPE = YES;
				GCC_WARN_UNDECLARED_SELECTOR = YES;
				GCC_WARN_UNINITIALIZED_AUTOS = YES;
				GCC_WARN_UNUSED_FUNCTION = YES;
				GCC_WARN_UNUSED_VARIABLE = YES;
				HEADER_SEARCH_PATHS = "";
				MACOSX_DEPLOYMENT_TARGET = 10.7;
				OTHER_CPLUSPLUSFLAGS = (
					"$(OTHER_CFLAGS)",
					"-isystem",
					/usr/local/include,
				);
				RUN_CLANG_STATIC_ANALYZER = NO;
				SDKROOT = macosx;
			};
			name = Release;
		};
		C96A1CAF14FEE5D20065CD6B /* Debug */ = {
			isa = XCBuildConfiguration;
			buildSettings = {
				CLANG_CXX_LANGUAGE_STANDARD = "c++14";
				CLANG_CXX_LIBRARY = "libc++";
				CLANG_ENABLE_OBJC_ARC = YES;
				DSTROOT = /tmp/JNGL_iOS.dst;
				ENABLE_BITCODE = YES;
				FRAMEWORK_SEARCH_PATHS = (
					"$(inherited)",
					"\"$(SRCROOT)/../lib/ios\"",
					"$(PROJECT_DIR)/IDZPrecompiledVorbis",
					"$(PROJECT_DIR)/IDZPrecompiledOgg",
				);
				GCC_PRECOMPILE_PREFIX_HEADER = YES;
				GCC_PREFIX_HEADER = "JNGL iOS/JNGL iOS-Prefix.pch";
				GCC_PREPROCESSOR_DEFINITIONS = (
					"IOS=1",
					"$(inherited)",
					"NOJPEG=1",
					"NOPNG=1",
				);
				GCC_THUMB_SUPPORT = NO;
				GCC_WARN_UNINITIALIZED_AUTOS = YES;
				HEADER_SEARCH_PATHS = ../include/ios/;
				INFOPLIST_PREPROCESSOR_DEFINITIONS = IOS;
				IPHONEOS_DEPLOYMENT_TARGET = 8.0;
				ONLY_ACTIVE_ARCH = NO;
				OTHER_LDFLAGS = "-ObjC";
				PRODUCT_NAME = "$(TARGET_NAME)";
				SDKROOT = iphoneos;
				SKIP_INSTALL = YES;
				VALID_ARCHS = "armv7 armv7s arm64";
			};
			name = Debug;
		};
		C96A1CB014FEE5D20065CD6B /* Release */ = {
			isa = XCBuildConfiguration;
			buildSettings = {
				CLANG_CXX_LANGUAGE_STANDARD = "c++14";
				CLANG_CXX_LIBRARY = "libc++";
				CLANG_ENABLE_OBJC_ARC = YES;
				DSTROOT = /tmp/JNGL_iOS.dst;
				ENABLE_BITCODE = YES;
				FRAMEWORK_SEARCH_PATHS = (
					"$(inherited)",
					"\"$(SRCROOT)/../lib/ios\"",
					"$(PROJECT_DIR)/IDZPrecompiledVorbis",
					"$(PROJECT_DIR)/IDZPrecompiledOgg",
				);
				GCC_PRECOMPILE_PREFIX_HEADER = YES;
				GCC_PREFIX_HEADER = "JNGL iOS/JNGL iOS-Prefix.pch";
				GCC_PREPROCESSOR_DEFINITIONS = (
					"IOS=1",
					"$(inherited)",
					"NOJPEG=1",
					"NOPNG=1",
				);
				GCC_THUMB_SUPPORT = NO;
				GCC_WARN_UNINITIALIZED_AUTOS = YES;
				HEADER_SEARCH_PATHS = ../include/ios/;
				INFOPLIST_PREPROCESSOR_DEFINITIONS = IOS;
				IPHONEOS_DEPLOYMENT_TARGET = 8.0;
				OTHER_LDFLAGS = "-ObjC";
				PRODUCT_NAME = "$(TARGET_NAME)";
				SDKROOT = iphoneos;
				SKIP_INSTALL = YES;
				VALIDATE_PRODUCT = YES;
				VALID_ARCHS = "armv7 armv7s arm64";
			};
			name = Release;
		};
		C96A1CD414FEE8410065CD6B /* Debug */ = {
			isa = XCBuildConfiguration;
			buildSettings = {
				CLANG_CXX_LIBRARY = "libc++";
				CLANG_ENABLE_OBJC_ARC = YES;
				"CODE_SIGN_IDENTITY[sdk=iphoneos*]" = "iPhone Developer";
				COMPRESS_PNG_FILES = NO;
				DEVELOPMENT_TEAM = CX2RT643KR;
				ENABLE_BITCODE = NO;
				FRAMEWORK_SEARCH_PATHS = (
					"$(inherited)",
					"\"$(SYSTEM_APPS_DIR)/Xcode.app/Contents/Developer/Library/Frameworks\"",
					"\"$(SRCROOT)/../lib/ios\"",
					"$(PROJECT_DIR)/IDZPrecompiledOgg",
					"$(PROJECT_DIR)/IDZPrecompiledVorbis",
				);
				GCC_PRECOMPILE_PREFIX_HEADER = YES;
				GCC_PREFIX_HEADER = "Test iOS/Test iOS-Prefix.pch";
				GCC_PREPROCESSOR_DEFINITIONS = "$(inherited)";
				GCC_THUMB_SUPPORT = NO;
				GCC_WARN_UNINITIALIZED_AUTOS = YES;
				HEADER_SEARCH_PATHS = (
					../include/ios,
					../src,
				);
				INFOPLIST_FILE = "Test iOS/Test iOS-Info.plist";
				IPHONEOS_DEPLOYMENT_TARGET = 8.0;
				LIBRARY_SEARCH_PATHS = (
					"$(inherited)",
					"\"$(SRCROOT)/../lib/ios\"",
				);
				ONLY_ACTIVE_ARCH = NO;
				PRODUCT_BUNDLE_IDENTIFIER = "de.watteimdocht.${PRODUCT_NAME:rfc1034identifier}";
				PRODUCT_NAME = "$(TARGET_NAME)";
				SDKROOT = iphoneos;
				TARGETED_DEVICE_FAMILY = 1;
				VALID_ARCHS = "armv7 armv7s arm64";
				WRAPPER_EXTENSION = app;
			};
			name = Debug;
		};
		C96A1CD514FEE8410065CD6B /* Release */ = {
			isa = XCBuildConfiguration;
			buildSettings = {
				CLANG_CXX_LIBRARY = "libc++";
				CLANG_ENABLE_OBJC_ARC = YES;
				"CODE_SIGN_IDENTITY[sdk=iphoneos*]" = "iPhone Developer";
				COMPRESS_PNG_FILES = NO;
				DEVELOPMENT_TEAM = CX2RT643KR;
				ENABLE_BITCODE = NO;
				FRAMEWORK_SEARCH_PATHS = (
					"$(inherited)",
					"\"$(SYSTEM_APPS_DIR)/Xcode.app/Contents/Developer/Library/Frameworks\"",
					"\"$(SRCROOT)/../lib/ios\"",
					"$(PROJECT_DIR)/IDZPrecompiledOgg",
					"$(PROJECT_DIR)/IDZPrecompiledVorbis",
				);
				GCC_PRECOMPILE_PREFIX_HEADER = YES;
				GCC_PREFIX_HEADER = "Test iOS/Test iOS-Prefix.pch";
				GCC_PREPROCESSOR_DEFINITIONS = "$(inherited)";
				GCC_THUMB_SUPPORT = NO;
				GCC_WARN_UNINITIALIZED_AUTOS = YES;
				HEADER_SEARCH_PATHS = (
					../include/ios,
					../src,
				);
				INFOPLIST_FILE = "Test iOS/Test iOS-Info.plist";
				IPHONEOS_DEPLOYMENT_TARGET = 8.0;
				LIBRARY_SEARCH_PATHS = (
					"$(inherited)",
					"\"$(SRCROOT)/../lib/ios\"",
				);
				OTHER_CFLAGS = "-DNS_BLOCK_ASSERTIONS=1";
				PRODUCT_BUNDLE_IDENTIFIER = "de.watteimdocht.${PRODUCT_NAME:rfc1034identifier}";
				PRODUCT_NAME = "$(TARGET_NAME)";
				SDKROOT = iphoneos;
				TARGETED_DEVICE_FAMILY = 1;
				VALIDATE_PRODUCT = YES;
				VALID_ARCHS = "armv7 armv7s arm64";
				WRAPPER_EXTENSION = app;
			};
			name = Release;
		};
/* End XCBuildConfiguration section */

/* Begin XCConfigurationList section */
		C921153D13EABBF100770E49 /* Build configuration list for PBXProject "JNGL" */ = {
			isa = XCConfigurationList;
			buildConfigurations = (
				C921154513EABBF100770E49 /* Debug */,
				C921154613EABBF100770E49 /* Release */,
			);
			defaultConfigurationIsVisible = 0;
			defaultConfigurationName = Release;
		};
		C96A1CB114FEE5D20065CD6B /* Build configuration list for PBXNativeTarget "JNGL iOS" */ = {
			isa = XCConfigurationList;
			buildConfigurations = (
				C96A1CAF14FEE5D20065CD6B /* Debug */,
				C96A1CB014FEE5D20065CD6B /* Release */,
			);
			defaultConfigurationIsVisible = 0;
			defaultConfigurationName = Release;
		};
		C96A1CD314FEE8410065CD6B /* Build configuration list for PBXNativeTarget "Test iOS" */ = {
			isa = XCConfigurationList;
			buildConfigurations = (
				C96A1CD414FEE8410065CD6B /* Debug */,
				C96A1CD514FEE8410065CD6B /* Release */,
			);
			defaultConfigurationIsVisible = 0;
			defaultConfigurationName = Release;
		};
/* End XCConfigurationList section */
	};
	rootObject = C921153A13EABBF100770E49 /* Project object */;
}
