// !$*UTF8*$!
{
	archiveVersion = 1;
	classes = {
	};
	objectVersion = 46;
	objects = {

/* Begin PBXBuildFile section */
		C93B324B14C1B0090053C668 /* sdl.cpp in Sources */ = {isa = PBXBuildFile; fileRef = C93B324A14C1B0090053C668 /* sdl.cpp */; };
		C93B324F14C1B04A0053C668 /* sdl.hpp in Headers */ = {isa = PBXBuildFile; fileRef = C93B324E14C1B04A0053C668 /* sdl.hpp */; };
		C95406CB148D68DA00902BB3 /* test.cpp in Sources */ = {isa = PBXBuildFile; fileRef = C9EFACF313F1EA6100E6AE63 /* test.cpp */; };
		C95406CE148D6DCD00902BB3 /* OpenGL.framework in Frameworks */ = {isa = PBXBuildFile; fileRef = C9F1AF3113EAED790086B474 /* OpenGL.framework */; };
		C95406CF148D6DD500902BB3 /* OpenAL.framework in Frameworks */ = {isa = PBXBuildFile; fileRef = C9F1AF3413EAED8A0086B474 /* OpenAL.framework */; };
		C967E7C314FEEDDC004F5985 /* ConvertUTF.c in Sources */ = {isa = PBXBuildFile; fileRef = C9F1AF5613EAEF420086B474 /* ConvertUTF.c */; };
		C967E7C414FEEDDC004F5985 /* finally.cpp in Sources */ = {isa = PBXBuildFile; fileRef = C9F1AF7113EAEF420086B474 /* finally.cpp */; };
		C967E7C514FEEDDC004F5985 /* framebuffer.cpp in Sources */ = {isa = PBXBuildFile; fileRef = C9F1AF7313EAEF420086B474 /* framebuffer.cpp */; };
		C967E7C614FEEDDC004F5985 /* framebufferimpl.cpp in Sources */ = {isa = PBXBuildFile; fileRef = C9F1AF7413EAEF420086B474 /* framebufferimpl.cpp */; };
		C967E7C714FEEDDC004F5985 /* freetype.cpp in Sources */ = {isa = PBXBuildFile; fileRef = C9F1AF7613EAEF420086B474 /* freetype.cpp */; };
		C967E7C814FEEDDC004F5985 /* main.cpp in Sources */ = {isa = PBXBuildFile; fileRef = C9F1AFE313EAEF420086B474 /* main.cpp */; };
		C967E7C914FEEDDC004F5985 /* opengl.cpp in Sources */ = {isa = PBXBuildFile; fileRef = C9F1AFE513EAEF420086B474 /* opengl.cpp */; };
		C967E7CA14FEEDDC004F5985 /* sprite.cpp in Sources */ = {isa = PBXBuildFile; fileRef = C9F1AFED13EAEF420086B474 /* sprite.cpp */; };
		C967E7CB14FEEDDC004F5985 /* texture.cpp in Sources */ = {isa = PBXBuildFile; fileRef = C9F1AFF213EAEF420086B474 /* texture.cpp */; };
		C96A1CAE14FEE5D20065CD6B /* JNGLView.mm in Sources */ = {isa = PBXBuildFile; fileRef = C96A1CAD14FEE5D20065CD6B /* JNGLView.mm */; };
		C96A1CC414FEE8410065CD6B /* Foundation.framework in Frameworks */ = {isa = PBXBuildFile; fileRef = C96A1CA714FEE5D20065CD6B /* Foundation.framework */; };
		C96A1CCC14FEE8410065CD6B /* InfoPlist.strings in Resources */ = {isa = PBXBuildFile; fileRef = C96A1CCA14FEE8410065CD6B /* InfoPlist.strings */; };
		C96A1CCE14FEE8410065CD6B /* main.m in Sources */ = {isa = PBXBuildFile; fileRef = C96A1CCD14FEE8410065CD6B /* main.m */; };
		C96A1CD214FEE8410065CD6B /* AppDelegate.mm in Sources */ = {isa = PBXBuildFile; fileRef = C96A1CD114FEE8410065CD6B /* AppDelegate.mm */; };
		C98AE211151F541A0068B398 /* work.cpp in Sources */ = {isa = PBXBuildFile; fileRef = C98AE210151F541A0068B398 /* work.cpp */; };
		C98E8D2A1524A4A70081B15A /* OpenGLES.framework in Frameworks */ = {isa = PBXBuildFile; fileRef = C98E8D291524A4A70081B15A /* OpenGLES.framework */; };
		C98E8D2D1524A5180081B15A /* QuartzCore.framework in Frameworks */ = {isa = PBXBuildFile; fileRef = C98E8D2C1524A5180081B15A /* QuartzCore.framework */; };
		C98E8D341524A53F0081B15A /* UIKit.framework in Frameworks */ = {isa = PBXBuildFile; fileRef = C98E8D331524A53F0081B15A /* UIKit.framework */; };
		C98E8D3A1524A5DE0081B15A /* CoreGraphics.framework in Frameworks */ = {isa = PBXBuildFile; fileRef = C98E8D391524A5DE0081B15A /* CoreGraphics.framework */; };
		C9AE786314A892FE004359EF /* JNGL.framework in Frameworks */ = {isa = PBXBuildFile; fileRef = C9E948E614A7C3EF0048EFCA /* JNGL.framework */; };
		C9BFF8021524B24600066D6C /* libJNGL iOS.a in Frameworks */ = {isa = PBXBuildFile; fileRef = C96A1CA614FEE5D20065CD6B /* libJNGL iOS.a */; };
		C9BFF8091524B2F600066D6C /* libjpeg.a in Frameworks */ = {isa = PBXBuildFile; fileRef = C9BFF8071524B2F600066D6C /* libjpeg.a */; };
		C9BFF80A1524B2F600066D6C /* libpng.a in Frameworks */ = {isa = PBXBuildFile; fileRef = C9BFF8081524B2F600066D6C /* libpng.a */; };
		C9BFF80B1524B55E00066D6C /* work.cpp in Sources */ = {isa = PBXBuildFile; fileRef = C98AE210151F541A0068B398 /* work.cpp */; };
		C9BFF80C1524B56C00066D6C /* window.cpp in Sources */ = {isa = PBXBuildFile; fileRef = C9F1B00313EAEF420086B474 /* window.cpp */; };
		C9BFF80E1524B59B00066D6C /* libz.dylib in Frameworks */ = {isa = PBXBuildFile; fileRef = C9BFF80D1524B59B00066D6C /* libz.dylib */; };
		C9BFF83A1524B79200066D6C /* callbacks.c in Sources */ = {isa = PBXBuildFile; fileRef = C9F1AF5513EAEF420086B474 /* callbacks.c */; };
		C9BFF83B1524B7A900066D6C /* windowptr.cpp in Sources */ = {isa = PBXBuildFile; fileRef = C9F1B00513EAEF420086B474 /* windowptr.cpp */; };
		C9BFF83E1524BB0A00066D6C /* libfreetype.a in Frameworks */ = {isa = PBXBuildFile; fileRef = C9BFF83D1524BB0A00066D6C /* libfreetype.a */; };
		C9BFF8401524BD0600066D6C /* window.cpp in Sources */ = {isa = PBXBuildFile; fileRef = C9BFF83F1524BD0600066D6C /* window.cpp */; };
		C9BFF8421524BE6800066D6C /* audio.cpp in Sources */ = {isa = PBXBuildFile; fileRef = C9F1AF5013EAEF420086B474 /* audio.cpp */; };
		C9BFF8441524C00B00066D6C /* OpenAL.framework in Frameworks */ = {isa = PBXBuildFile; fileRef = C9BFF8431524C00B00066D6C /* OpenAL.framework */; };
		C9BFF84A1524C37200066D6C /* libogg.a in Frameworks */ = {isa = PBXBuildFile; fileRef = C9BFF8491524C37200066D6C /* libogg.a */; };
		C9BFF84C1524C3CC00066D6C /* libvorbis.a in Frameworks */ = {isa = PBXBuildFile; fileRef = C9BFF84B1524C3CC00066D6C /* libvorbis.a */; };
		C9BFF84E1524C3F000066D6C /* time.cpp in Sources */ = {isa = PBXBuildFile; fileRef = C9BFF84D1524C3F000066D6C /* time.cpp */; };
		C9E948FC14A7C40E0048EFCA /* message.cpp in Sources */ = {isa = PBXBuildFile; fileRef = C99A094C13EC509D006C46FF /* message.cpp */; };
		C9E948FD14A7C40E0048EFCA /* time.cpp in Sources */ = {isa = PBXBuildFile; fileRef = C99A094A13EC508C006C46FF /* time.cpp */; };
		C9E948FE14A7C40E0048EFCA /* window.cpp in Sources */ = {isa = PBXBuildFile; fileRef = C99A094813EC5079006C46FF /* window.cpp */; };
		C9E948FF14A7C40E0048EFCA /* audio.cpp in Sources */ = {isa = PBXBuildFile; fileRef = C9F1AF5013EAEF420086B474 /* audio.cpp */; };
		C9E9490014A7C40E0048EFCA /* callbacks.c in Sources */ = {isa = PBXBuildFile; fileRef = C9F1AF5513EAEF420086B474 /* callbacks.c */; };
		C9E9490114A7C40E0048EFCA /* ConvertUTF.c in Sources */ = {isa = PBXBuildFile; fileRef = C9F1AF5613EAEF420086B474 /* ConvertUTF.c */; };
		C9E9490214A7C40E0048EFCA /* finally.cpp in Sources */ = {isa = PBXBuildFile; fileRef = C9F1AF7113EAEF420086B474 /* finally.cpp */; };
		C9E9490314A7C40E0048EFCA /* framebuffer.cpp in Sources */ = {isa = PBXBuildFile; fileRef = C9F1AF7313EAEF420086B474 /* framebuffer.cpp */; };
		C9E9490414A7C40F0048EFCA /* framebufferimpl.cpp in Sources */ = {isa = PBXBuildFile; fileRef = C9F1AF7413EAEF420086B474 /* framebufferimpl.cpp */; };
		C9E9490514A7C40F0048EFCA /* freetype.cpp in Sources */ = {isa = PBXBuildFile; fileRef = C9F1AF7613EAEF420086B474 /* freetype.cpp */; };
		C9E9490614A7C40F0048EFCA /* main.cpp in Sources */ = {isa = PBXBuildFile; fileRef = C9F1AFE313EAEF420086B474 /* main.cpp */; };
		C9E9490714A7C40F0048EFCA /* opengl.cpp in Sources */ = {isa = PBXBuildFile; fileRef = C9F1AFE513EAEF420086B474 /* opengl.cpp */; };
		C9E9490814A7C40F0048EFCA /* sprite.cpp in Sources */ = {isa = PBXBuildFile; fileRef = C9F1AFED13EAEF420086B474 /* sprite.cpp */; };
		C9E9490914A7C40F0048EFCA /* tess.cpp in Sources */ = {isa = PBXBuildFile; fileRef = C9F1AFEF13EAEF420086B474 /* tess.cpp */; };
		C9E9490A14A7C40F0048EFCA /* texture.cpp in Sources */ = {isa = PBXBuildFile; fileRef = C9F1AFF213EAEF420086B474 /* texture.cpp */; };
		C9E9490B14A7C40F0048EFCA /* window.cpp in Sources */ = {isa = PBXBuildFile; fileRef = C9F1B00313EAEF420086B474 /* window.cpp */; };
		C9E9490C14A7C40F0048EFCA /* windowptr.cpp in Sources */ = {isa = PBXBuildFile; fileRef = C9F1B00513EAEF420086B474 /* windowptr.cpp */; };
		C9E9490D14A7C4990048EFCA /* OpenGL.framework in Frameworks */ = {isa = PBXBuildFile; fileRef = C9F1AF3113EAED790086B474 /* OpenGL.framework */; };
		C9E9490E14A7C49F0048EFCA /* OpenAL.framework in Frameworks */ = {isa = PBXBuildFile; fileRef = C9F1AF3413EAED8A0086B474 /* OpenAL.framework */; };
		C9E9491514A7DE430048EFCA /* jngl.hpp in Headers */ = {isa = PBXBuildFile; fileRef = C9F1AFCA13EAEF420086B474 /* jngl.hpp */; settings = {ATTRIBUTES = (Public, ); }; };
		C9F3AB8B1525F0A800A77E9F /* Arial.ttf in Resources */ = {isa = PBXBuildFile; fileRef = C9F3AB8A1525F0A800A77E9F /* Arial.ttf */; };
		C9F3AB8C1525F0B800A77E9F /* Arial.ttf in Resources */ = {isa = PBXBuildFile; fileRef = C9F3AB8A1525F0A800A77E9F /* Arial.ttf */; };
		C9F3AB8E1525F0DC00A77E9F /* jngl.png in Resources */ = {isa = PBXBuildFile; fileRef = C9F3AB8D1525F0DC00A77E9F /* jngl.png */; };
		C9F3AB901525F67000A77E9F /* test.ogg in Resources */ = {isa = PBXBuildFile; fileRef = C9F3AB8F1525F67000A77E9F /* test.ogg */; };
/* End PBXBuildFile section */

/* Begin PBXCopyFilesBuildPhase section */
		C914934C148D620E00A6E3E8 /* CopyFiles */ = {
			isa = PBXCopyFilesBuildPhase;
			buildActionMask = 2147483647;
			dstPath = /usr/share/man/man1/;
			dstSubfolderSpec = 0;
			files = (
			);
			runOnlyForDeploymentPostprocessing = 1;
		};
/* End PBXCopyFilesBuildPhase section */

/* Begin PBXFileReference section */
		C914934E148D620F00A6E3E8 /* Test */ = {isa = PBXFileReference; explicitFileType = "compiled.mach-o.executable"; includeInIndex = 0; path = Test; sourceTree = BUILT_PRODUCTS_DIR; };
		C9340335151F86C5007FEF8E /* windowimpl.hpp */ = {isa = PBXFileReference; lastKnownFileType = sourcecode.cpp.h; name = windowimpl.hpp; path = ../sdl/windowimpl.hpp; sourceTree = "<group>"; };
		C93B324A14C1B0090053C668 /* sdl.cpp */ = {isa = PBXFileReference; fileEncoding = 4; lastKnownFileType = sourcecode.cpp.cpp; name = sdl.cpp; path = sdl/sdl.cpp; sourceTree = "<group>"; };
		C93B324E14C1B04A0053C668 /* sdl.hpp */ = {isa = PBXFileReference; fileEncoding = 4; lastKnownFileType = sourcecode.cpp.h; name = sdl.hpp; path = ../sdl/sdl.hpp; sourceTree = "<group>"; };
		C967FC6814A5FF8B0049D8F2 /* main.hpp */ = {isa = PBXFileReference; fileEncoding = 4; lastKnownFileType = sourcecode.cpp.h; name = main.hpp; path = ../main.hpp; sourceTree = "<group>"; };
		C96A1CA614FEE5D20065CD6B /* libJNGL iOS.a */ = {isa = PBXFileReference; explicitFileType = archive.ar; includeInIndex = 0; path = "libJNGL iOS.a"; sourceTree = BUILT_PRODUCTS_DIR; };
		C96A1CA714FEE5D20065CD6B /* Foundation.framework */ = {isa = PBXFileReference; lastKnownFileType = wrapper.framework; name = Foundation.framework; path = System/Library/Frameworks/Foundation.framework; sourceTree = SDKROOT; };
		C96A1CAB14FEE5D20065CD6B /* JNGL iOS-Prefix.pch */ = {isa = PBXFileReference; lastKnownFileType = sourcecode.c.h; path = "JNGL iOS-Prefix.pch"; sourceTree = "<group>"; };
		C96A1CAC14FEE5D20065CD6B /* JNGLView.h */ = {isa = PBXFileReference; lastKnownFileType = sourcecode.c.h; path = JNGLView.h; sourceTree = "<group>"; };
		C96A1CAD14FEE5D20065CD6B /* JNGLView.mm */ = {isa = PBXFileReference; lastKnownFileType = sourcecode.cpp.objcpp; path = JNGLView.mm; sourceTree = "<group>"; };
		C96A1CC014FEE8410065CD6B /* Test iOS.app */ = {isa = PBXFileReference; explicitFileType = wrapper.application; includeInIndex = 0; path = "Test iOS.app"; sourceTree = BUILT_PRODUCTS_DIR; };
		C96A1CC214FEE8410065CD6B /* UIKit.framework */ = {isa = PBXFileReference; lastKnownFileType = wrapper.framework; name = UIKit.framework; path = Library/Frameworks/UIKit.framework; sourceTree = DEVELOPER_DIR; };
		C96A1CC514FEE8410065CD6B /* CoreGraphics.framework */ = {isa = PBXFileReference; lastKnownFileType = wrapper.framework; name = CoreGraphics.framework; path = Library/Frameworks/CoreGraphics.framework; sourceTree = DEVELOPER_DIR; };
		C96A1CC914FEE8410065CD6B /* Test iOS-Info.plist */ = {isa = PBXFileReference; lastKnownFileType = text.plist.xml; path = "Test iOS-Info.plist"; sourceTree = "<group>"; };
		C96A1CCB14FEE8410065CD6B /* en */ = {isa = PBXFileReference; lastKnownFileType = text.plist.strings; name = en; path = en.lproj/InfoPlist.strings; sourceTree = "<group>"; };
		C96A1CCD14FEE8410065CD6B /* main.m */ = {isa = PBXFileReference; lastKnownFileType = sourcecode.c.objc; path = main.m; sourceTree = "<group>"; };
		C96A1CCF14FEE8410065CD6B /* Test iOS-Prefix.pch */ = {isa = PBXFileReference; lastKnownFileType = sourcecode.c.h; path = "Test iOS-Prefix.pch"; sourceTree = "<group>"; };
		C96A1CD014FEE8410065CD6B /* AppDelegate.h */ = {isa = PBXFileReference; lastKnownFileType = sourcecode.c.h; path = AppDelegate.h; sourceTree = "<group>"; };
		C96A1CD114FEE8410065CD6B /* AppDelegate.mm */ = {isa = PBXFileReference; lastKnownFileType = sourcecode.cpp.objcpp; path = AppDelegate.mm; sourceTree = "<group>"; };
		C98AE210151F541A0068B398 /* work.cpp */ = {isa = PBXFileReference; fileEncoding = 4; lastKnownFileType = sourcecode.cpp.cpp; path = work.cpp; sourceTree = "<group>"; };
		C98E8D2315249AEA0081B15A /* glew.h */ = {isa = PBXFileReference; lastKnownFileType = sourcecode.c.h; name = glew.h; path = ../../ios/glew.h; sourceTree = "<group>"; };
		C98E8D291524A4A70081B15A /* OpenGLES.framework */ = {isa = PBXFileReference; lastKnownFileType = wrapper.framework; name = OpenGLES.framework; path = Platforms/iPhoneOS.platform/Developer/SDKs/iPhoneOS5.1.sdk/System/Library/Frameworks/OpenGLES.framework; sourceTree = DEVELOPER_DIR; };
		C98E8D2C1524A5180081B15A /* QuartzCore.framework */ = {isa = PBXFileReference; lastKnownFileType = wrapper.framework; name = QuartzCore.framework; path = Platforms/iPhoneOS.platform/Developer/SDKs/iPhoneOS5.1.sdk/System/Library/Frameworks/QuartzCore.framework; sourceTree = DEVELOPER_DIR; };
		C98E8D331524A53F0081B15A /* UIKit.framework */ = {isa = PBXFileReference; lastKnownFileType = wrapper.framework; name = UIKit.framework; path = Platforms/iPhoneOS.platform/Developer/SDKs/iPhoneOS5.1.sdk/System/Library/Frameworks/UIKit.framework; sourceTree = DEVELOPER_DIR; };
		C98E8D391524A5DE0081B15A /* CoreGraphics.framework */ = {isa = PBXFileReference; lastKnownFileType = wrapper.framework; name = CoreGraphics.framework; path = Platforms/iPhoneOS.platform/Developer/SDKs/iPhoneOS5.1.sdk/System/Library/Frameworks/CoreGraphics.framework; sourceTree = DEVELOPER_DIR; };
		C99A094813EC5079006C46FF /* window.cpp */ = {isa = PBXFileReference; fileEncoding = 4; lastKnownFileType = sourcecode.cpp.cpp; name = window.cpp; path = sdl/window.cpp; sourceTree = "<group>"; };
		C99A094A13EC508C006C46FF /* time.cpp */ = {isa = PBXFileReference; fileEncoding = 4; lastKnownFileType = sourcecode.cpp.cpp; name = time.cpp; path = sdl/time.cpp; sourceTree = "<group>"; };
		C99A094C13EC509D006C46FF /* message.cpp */ = {isa = PBXFileReference; fileEncoding = 4; lastKnownFileType = sourcecode.cpp.cpp; name = message.cpp; path = sdl/message.cpp; sourceTree = "<group>"; };
		C9BFF8071524B2F600066D6C /* libjpeg.a */ = {isa = PBXFileReference; lastKnownFileType = archive.ar; name = libjpeg.a; path = ../lib/ios/libjpeg.a; sourceTree = "<group>"; };
		C9BFF8081524B2F600066D6C /* libpng.a */ = {isa = PBXFileReference; lastKnownFileType = archive.ar; name = libpng.a; path = ../lib/ios/libpng.a; sourceTree = "<group>"; };
		C9BFF80D1524B59B00066D6C /* libz.dylib */ = {isa = PBXFileReference; lastKnownFileType = "compiled.mach-o.dylib"; name = libz.dylib; path = Platforms/iPhoneOS.platform/Developer/SDKs/iPhoneOS5.1.sdk/usr/lib/libz.dylib; sourceTree = DEVELOPER_DIR; };
		C9BFF83D1524BB0A00066D6C /* libfreetype.a */ = {isa = PBXFileReference; lastKnownFileType = archive.ar; name = libfreetype.a; path = ../lib/ios/libfreetype.a; sourceTree = "<group>"; };
		C9BFF83F1524BD0600066D6C /* window.cpp */ = {isa = PBXFileReference; fileEncoding = 4; lastKnownFileType = sourcecode.cpp.cpp; name = window.cpp; path = ../../ios/window.cpp; sourceTree = "<group>"; };
		C9BFF8431524C00B00066D6C /* OpenAL.framework */ = {isa = PBXFileReference; lastKnownFileType = wrapper.framework; name = OpenAL.framework; path = Platforms/iPhoneOS.platform/Developer/SDKs/iPhoneOS5.1.sdk/System/Library/Frameworks/OpenAL.framework; sourceTree = DEVELOPER_DIR; };
		C9BFF8491524C37200066D6C /* libogg.a */ = {isa = PBXFileReference; lastKnownFileType = archive.ar; name = libogg.a; path = ../lib/ios/libogg.a; sourceTree = "<group>"; };
		C9BFF84B1524C3CC00066D6C /* libvorbis.a */ = {isa = PBXFileReference; lastKnownFileType = archive.ar; name = libvorbis.a; path = ../lib/ios/libvorbis.a; sourceTree = "<group>"; };
		C9BFF84D1524C3F000066D6C /* time.cpp */ = {isa = PBXFileReference; fileEncoding = 4; lastKnownFileType = sourcecode.cpp.cpp; name = time.cpp; path = ../../ios/time.cpp; sourceTree = "<group>"; };
		C9E948E614A7C3EF0048EFCA /* JNGL.framework */ = {isa = PBXFileReference; explicitFileType = wrapper.framework; includeInIndex = 0; path = JNGL.framework; sourceTree = BUILT_PRODUCTS_DIR; };
		C9E948E814A7C3EF0048EFCA /* Cocoa.framework */ = {isa = PBXFileReference; lastKnownFileType = wrapper.framework; name = Cocoa.framework; path = System/Library/Frameworks/Cocoa.framework; sourceTree = SDKROOT; };
		C9E948EB14A7C3EF0048EFCA /* AppKit.framework */ = {isa = PBXFileReference; lastKnownFileType = wrapper.framework; name = AppKit.framework; path = System/Library/Frameworks/AppKit.framework; sourceTree = SDKROOT; };
		C9E948EC14A7C3EF0048EFCA /* CoreData.framework */ = {isa = PBXFileReference; lastKnownFileType = wrapper.framework; name = CoreData.framework; path = System/Library/Frameworks/CoreData.framework; sourceTree = SDKROOT; };
		C9E948ED14A7C3EF0048EFCA /* Foundation.framework */ = {isa = PBXFileReference; lastKnownFileType = wrapper.framework; name = Foundation.framework; path = System/Library/Frameworks/Foundation.framework; sourceTree = SDKROOT; };
		C9EFACF313F1EA6100E6AE63 /* test.cpp */ = {isa = PBXFileReference; fileEncoding = 4; lastKnownFileType = sourcecode.cpp.cpp; path = test.cpp; sourceTree = "<group>"; };
		C9F1894813EB288D005E43B3 /* callbacks.h */ = {isa = PBXFileReference; fileEncoding = 4; lastKnownFileType = sourcecode.c.h; name = callbacks.h; path = ../callbacks.h; sourceTree = "<group>"; };
		C9F1AF3113EAED790086B474 /* OpenGL.framework */ = {isa = PBXFileReference; lastKnownFileType = wrapper.framework; name = OpenGL.framework; path = System/Library/Frameworks/OpenGL.framework; sourceTree = SDKROOT; };
		C9F1AF3413EAED8A0086B474 /* OpenAL.framework */ = {isa = PBXFileReference; lastKnownFileType = wrapper.framework; name = OpenAL.framework; path = System/Library/Frameworks/OpenAL.framework; sourceTree = SDKROOT; };
		C9F1AF5013EAEF420086B474 /* audio.cpp */ = {isa = PBXFileReference; fileEncoding = 4; lastKnownFileType = sourcecode.cpp.cpp; path = audio.cpp; sourceTree = "<group>"; };
		C9F1AF5113EAEF420086B474 /* audio.hpp */ = {isa = PBXFileReference; fileEncoding = 4; lastKnownFileType = sourcecode.cpp.h; name = audio.hpp; path = ../audio.hpp; sourceTree = "<group>"; };
		C9F1AF5513EAEF420086B474 /* callbacks.c */ = {isa = PBXFileReference; fileEncoding = 4; lastKnownFileType = sourcecode.c.c; path = callbacks.c; sourceTree = "<group>"; };
		C9F1AF5613EAEF420086B474 /* ConvertUTF.c */ = {isa = PBXFileReference; fileEncoding = 4; lastKnownFileType = sourcecode.c.c; path = ConvertUTF.c; sourceTree = "<group>"; };
		C9F1AF5713EAEF420086B474 /* ConvertUTF.h */ = {isa = PBXFileReference; fileEncoding = 4; lastKnownFileType = sourcecode.c.h; name = ConvertUTF.h; path = ../ConvertUTF.h; sourceTree = "<group>"; };
		C9F1AF5A13EAEF420086B474 /* debug.hpp */ = {isa = PBXFileReference; fileEncoding = 4; lastKnownFileType = sourcecode.cpp.h; name = debug.hpp; path = ../debug.hpp; sourceTree = "<group>"; };
		C9F1AF5B13EAEF420086B474 /* draw.hpp */ = {isa = PBXFileReference; fileEncoding = 4; lastKnownFileType = sourcecode.cpp.h; name = draw.hpp; path = ../draw.hpp; sourceTree = "<group>"; };
		C9F1AF7113EAEF420086B474 /* finally.cpp */ = {isa = PBXFileReference; fileEncoding = 4; lastKnownFileType = sourcecode.cpp.cpp; path = finally.cpp; sourceTree = "<group>"; };
		C9F1AF7213EAEF420086B474 /* finally.hpp */ = {isa = PBXFileReference; fileEncoding = 4; lastKnownFileType = sourcecode.cpp.h; name = finally.hpp; path = ../finally.hpp; sourceTree = "<group>"; };
		C9F1AF7313EAEF420086B474 /* framebuffer.cpp */ = {isa = PBXFileReference; fileEncoding = 4; lastKnownFileType = sourcecode.cpp.cpp; path = framebuffer.cpp; sourceTree = "<group>"; };
		C9F1AF7413EAEF420086B474 /* framebufferimpl.cpp */ = {isa = PBXFileReference; fileEncoding = 4; lastKnownFileType = sourcecode.cpp.cpp; path = framebufferimpl.cpp; sourceTree = "<group>"; };
		C9F1AF7513EAEF420086B474 /* framebufferimpl.hpp */ = {isa = PBXFileReference; fileEncoding = 4; lastKnownFileType = sourcecode.cpp.h; name = framebufferimpl.hpp; path = ../framebufferimpl.hpp; sourceTree = "<group>"; };
		C9F1AF7613EAEF420086B474 /* freetype.cpp */ = {isa = PBXFileReference; fileEncoding = 4; lastKnownFileType = sourcecode.cpp.cpp; path = freetype.cpp; sourceTree = "<group>"; };
		C9F1AF7713EAEF420086B474 /* freetype.hpp */ = {isa = PBXFileReference; fileEncoding = 4; lastKnownFileType = sourcecode.cpp.h; name = freetype.hpp; path = ../freetype.hpp; sourceTree = "<group>"; };
		C9F1AFCA13EAEF420086B474 /* jngl.hpp */ = {isa = PBXFileReference; fileEncoding = 4; lastKnownFileType = sourcecode.cpp.h; name = jngl.hpp; path = ../jngl.hpp; sourceTree = "<group>"; };
		C9F1AFE313EAEF420086B474 /* main.cpp */ = {isa = PBXFileReference; fileEncoding = 4; lastKnownFileType = sourcecode.cpp.cpp; path = main.cpp; sourceTree = "<group>"; };
		C9F1AFE513EAEF420086B474 /* opengl.cpp */ = {isa = PBXFileReference; fileEncoding = 4; lastKnownFileType = sourcecode.cpp.cpp; path = opengl.cpp; sourceTree = "<group>"; };
		C9F1AFE613EAEF420086B474 /* opengl.hpp */ = {isa = PBXFileReference; fileEncoding = 4; lastKnownFileType = sourcecode.cpp.h; name = opengl.hpp; path = ../opengl.hpp; sourceTree = "<group>"; };
		C9F1AFED13EAEF420086B474 /* sprite.cpp */ = {isa = PBXFileReference; fileEncoding = 4; lastKnownFileType = sourcecode.cpp.cpp; path = sprite.cpp; sourceTree = "<group>"; };
		C9F1AFEE13EAEF420086B474 /* sprite.hpp */ = {isa = PBXFileReference; fileEncoding = 4; lastKnownFileType = sourcecode.cpp.h; name = sprite.hpp; path = ../sprite.hpp; sourceTree = "<group>"; };
		C9F1AFEF13EAEF420086B474 /* tess.cpp */ = {isa = PBXFileReference; fileEncoding = 4; lastKnownFileType = sourcecode.cpp.cpp; path = tess.cpp; sourceTree = "<group>"; };
		C9F1AFF213EAEF420086B474 /* texture.cpp */ = {isa = PBXFileReference; fileEncoding = 4; lastKnownFileType = sourcecode.cpp.cpp; path = texture.cpp; sourceTree = "<group>"; };
		C9F1AFF313EAEF420086B474 /* texture.hpp */ = {isa = PBXFileReference; fileEncoding = 4; lastKnownFileType = sourcecode.cpp.h; name = texture.hpp; path = ../texture.hpp; sourceTree = "<group>"; };
		C9F1B00313EAEF420086B474 /* window.cpp */ = {isa = PBXFileReference; fileEncoding = 4; lastKnownFileType = sourcecode.cpp.cpp; path = window.cpp; sourceTree = "<group>"; };
		C9F1B00413EAEF420086B474 /* window.hpp */ = {isa = PBXFileReference; fileEncoding = 4; lastKnownFileType = sourcecode.cpp.h; name = window.hpp; path = ../window.hpp; sourceTree = "<group>"; };
		C9F1B00513EAEF420086B474 /* windowptr.cpp */ = {isa = PBXFileReference; fileEncoding = 4; lastKnownFileType = sourcecode.cpp.cpp; path = windowptr.cpp; sourceTree = "<group>"; };
		C9F1B00613EAEF420086B474 /* windowptr.hpp */ = {isa = PBXFileReference; fileEncoding = 4; lastKnownFileType = sourcecode.cpp.h; name = windowptr.hpp; path = ../windowptr.hpp; sourceTree = "<group>"; };
		C9F3AB8A1525F0A800A77E9F /* Arial.ttf */ = {isa = PBXFileReference; lastKnownFileType = file; name = Arial.ttf; path = ../Arial.ttf; sourceTree = "<group>"; };
		C9F3AB8D1525F0DC00A77E9F /* jngl.png */ = {isa = PBXFileReference; lastKnownFileType = image.png; name = jngl.png; path = ../jngl.png; sourceTree = "<group>"; };
		C9F3AB8F1525F67000A77E9F /* test.ogg */ = {isa = PBXFileReference; lastKnownFileType = file; name = test.ogg; path = ../test.ogg; sourceTree = "<group>"; };
/* End PBXFileReference section */

/* Begin PBXFrameworksBuildPhase section */
		C914934B148D620E00A6E3E8 /* Frameworks */ = {
			isa = PBXFrameworksBuildPhase;
			buildActionMask = 2147483647;
			files = (
				C9AE786314A892FE004359EF /* JNGL.framework in Frameworks */,
				C95406CF148D6DD500902BB3 /* OpenAL.framework in Frameworks */,
				C95406CE148D6DCD00902BB3 /* OpenGL.framework in Frameworks */,
			);
			runOnlyForDeploymentPostprocessing = 0;
		};
		C96A1CA314FEE5D20065CD6B /* Frameworks */ = {
			isa = PBXFrameworksBuildPhase;
			buildActionMask = 2147483647;
			files = (
			);
			runOnlyForDeploymentPostprocessing = 0;
		};
		C96A1CBD14FEE8410065CD6B /* Frameworks */ = {
			isa = PBXFrameworksBuildPhase;
			buildActionMask = 2147483647;
			files = (
				C9BFF84C1524C3CC00066D6C /* libvorbis.a in Frameworks */,
				C9BFF84A1524C37200066D6C /* libogg.a in Frameworks */,
				C9BFF8441524C00B00066D6C /* OpenAL.framework in Frameworks */,
				C9BFF83E1524BB0A00066D6C /* libfreetype.a in Frameworks */,
				C9BFF80E1524B59B00066D6C /* libz.dylib in Frameworks */,
				C9BFF8091524B2F600066D6C /* libjpeg.a in Frameworks */,
				C9BFF80A1524B2F600066D6C /* libpng.a in Frameworks */,
				C9BFF8021524B24600066D6C /* libJNGL iOS.a in Frameworks */,
				C98E8D3A1524A5DE0081B15A /* CoreGraphics.framework in Frameworks */,
				C98E8D341524A53F0081B15A /* UIKit.framework in Frameworks */,
				C98E8D2D1524A5180081B15A /* QuartzCore.framework in Frameworks */,
				C98E8D2A1524A4A70081B15A /* OpenGLES.framework in Frameworks */,
				C96A1CC414FEE8410065CD6B /* Foundation.framework in Frameworks */,
			);
			runOnlyForDeploymentPostprocessing = 0;
		};
		C9E948E214A7C3EF0048EFCA /* Frameworks */ = {
			isa = PBXFrameworksBuildPhase;
			buildActionMask = 2147483647;
			files = (
				C9E9490E14A7C49F0048EFCA /* OpenAL.framework in Frameworks */,
				C9E9490D14A7C4990048EFCA /* OpenGL.framework in Frameworks */,
			);
			runOnlyForDeploymentPostprocessing = 0;
		};
/* End PBXFrameworksBuildPhase section */

/* Begin PBXGroup section */
		C921153813EABBF100770E49 = {
			isa = PBXGroup;
			children = (
				C9F3AB8F1525F67000A77E9F /* test.ogg */,
				C9F3AB8D1525F0DC00A77E9F /* jngl.png */,
				C9F3AB8A1525F0A800A77E9F /* Arial.ttf */,
				C9BFF83C1524B83E00066D6C /* lib */,
				C9F1B09F13EAF1D00086B474 /* Header Files */,
				C9F1AF3613EAEF420086B474 /* Source Files */,
				C96A1CA914FEE5D20065CD6B /* JNGL iOS */,
				C96A1CC714FEE8410065CD6B /* Test iOS */,
				C9E948E714A7C3EF0048EFCA /* Frameworks */,
				C921154413EABBF100770E49 /* Products */,
			);
			sourceTree = "<group>";
		};
		C921154413EABBF100770E49 /* Products */ = {
			isa = PBXGroup;
			children = (
				C914934E148D620F00A6E3E8 /* Test */,
				C9E948E614A7C3EF0048EFCA /* JNGL.framework */,
				C96A1CA614FEE5D20065CD6B /* libJNGL iOS.a */,
				C96A1CC014FEE8410065CD6B /* Test iOS.app */,
			);
			name = Products;
			sourceTree = "<group>";
		};
		C93B324D14C1B0340053C668 /* sdl */ = {
			isa = PBXGroup;
			children = (
				C93B324E14C1B04A0053C668 /* sdl.hpp */,
				C9340335151F86C5007FEF8E /* windowimpl.hpp */,
			);
			name = sdl;
			sourceTree = "<group>";
		};
		C96A1CA914FEE5D20065CD6B /* JNGL iOS */ = {
			isa = PBXGroup;
			children = (
				C96A1CAC14FEE5D20065CD6B /* JNGLView.h */,
				C96A1CAD14FEE5D20065CD6B /* JNGLView.mm */,
				C9BFF83F1524BD0600066D6C /* window.cpp */,
				C96A1CAA14FEE5D20065CD6B /* Supporting Files */,
				C98E8D2315249AEA0081B15A /* glew.h */,
				C9BFF84D1524C3F000066D6C /* time.cpp */,
			);
			path = "JNGL iOS";
			sourceTree = "<group>";
		};
		C96A1CAA14FEE5D20065CD6B /* Supporting Files */ = {
			isa = PBXGroup;
			children = (
				C96A1CAB14FEE5D20065CD6B /* JNGL iOS-Prefix.pch */,
			);
			name = "Supporting Files";
			sourceTree = "<group>";
		};
		C96A1CC714FEE8410065CD6B /* Test iOS */ = {
			isa = PBXGroup;
			children = (
				C96A1CD014FEE8410065CD6B /* AppDelegate.h */,
				C96A1CD114FEE8410065CD6B /* AppDelegate.mm */,
				C96A1CC814FEE8410065CD6B /* Supporting Files */,
			);
			path = "Test iOS";
			sourceTree = "<group>";
		};
		C96A1CC814FEE8410065CD6B /* Supporting Files */ = {
			isa = PBXGroup;
			children = (
				C96A1CC914FEE8410065CD6B /* Test iOS-Info.plist */,
				C96A1CCA14FEE8410065CD6B /* InfoPlist.strings */,
				C96A1CCD14FEE8410065CD6B /* main.m */,
				C96A1CCF14FEE8410065CD6B /* Test iOS-Prefix.pch */,
			);
			name = "Supporting Files";
			sourceTree = "<group>";
		};
		C99A094713EC503A006C46FF /* sdl */ = {
			isa = PBXGroup;
			children = (
				C99A094C13EC509D006C46FF /* message.cpp */,
				C99A094A13EC508C006C46FF /* time.cpp */,
				C99A094813EC5079006C46FF /* window.cpp */,
				C93B324A14C1B0090053C668 /* sdl.cpp */,
			);
			name = sdl;
			sourceTree = "<group>";
		};
		C9BFF83C1524B83E00066D6C /* lib */ = {
			isa = PBXGroup;
			children = (
				C9BFF8431524C00B00066D6C /* OpenAL.framework */,
				C9BFF84B1524C3CC00066D6C /* libvorbis.a */,
				C9BFF8491524C37200066D6C /* libogg.a */,
				C9BFF83D1524BB0A00066D6C /* libfreetype.a */,
				C9BFF80D1524B59B00066D6C /* libz.dylib */,
				C9BFF8071524B2F600066D6C /* libjpeg.a */,
				C9BFF8081524B2F600066D6C /* libpng.a */,
				C98E8D391524A5DE0081B15A /* CoreGraphics.framework */,
				C98E8D331524A53F0081B15A /* UIKit.framework */,
				C98E8D2C1524A5180081B15A /* QuartzCore.framework */,
				C98E8D291524A4A70081B15A /* OpenGLES.framework */,
				C9F1AF3413EAED8A0086B474 /* OpenAL.framework */,
				C9F1AF3113EAED790086B474 /* OpenGL.framework */,
			);
			name = lib;
			sourceTree = "<group>";
		};
		C9E948E714A7C3EF0048EFCA /* Frameworks */ = {
			isa = PBXGroup;
			children = (
				C9E948E814A7C3EF0048EFCA /* Cocoa.framework */,
				C96A1CA714FEE5D20065CD6B /* Foundation.framework */,
				C96A1CC214FEE8410065CD6B /* UIKit.framework */,
				C96A1CC514FEE8410065CD6B /* CoreGraphics.framework */,
				C9E948EA14A7C3EF0048EFCA /* Other Frameworks */,
			);
			name = Frameworks;
			sourceTree = "<group>";
		};
		C9E948EA14A7C3EF0048EFCA /* Other Frameworks */ = {
			isa = PBXGroup;
			children = (
				C9E948EB14A7C3EF0048EFCA /* AppKit.framework */,
				C9E948EC14A7C3EF0048EFCA /* CoreData.framework */,
				C9E948ED14A7C3EF0048EFCA /* Foundation.framework */,
			);
			name = "Other Frameworks";
			sourceTree = "<group>";
		};
		C9F1AF3613EAEF420086B474 /* Source Files */ = {
			isa = PBXGroup;
			children = (
				C99A094713EC503A006C46FF /* sdl */,
				C9F1AF5013EAEF420086B474 /* audio.cpp */,
				C9F1AF5513EAEF420086B474 /* callbacks.c */,
				C9F1AF5613EAEF420086B474 /* ConvertUTF.c */,
				C9F1AF7113EAEF420086B474 /* finally.cpp */,
				C9F1AF7313EAEF420086B474 /* framebuffer.cpp */,
				C9F1AF7413EAEF420086B474 /* framebufferimpl.cpp */,
				C9F1AF7613EAEF420086B474 /* freetype.cpp */,
				C9F1AFE313EAEF420086B474 /* main.cpp */,
				C9F1AFE513EAEF420086B474 /* opengl.cpp */,
				C9F1AFED13EAEF420086B474 /* sprite.cpp */,
				C9F1AFEF13EAEF420086B474 /* tess.cpp */,
				C9EFACF313F1EA6100E6AE63 /* test.cpp */,
				C9F1AFF213EAEF420086B474 /* texture.cpp */,
				C9F1B00313EAEF420086B474 /* window.cpp */,
				C9F1B00513EAEF420086B474 /* windowptr.cpp */,
				C98AE210151F541A0068B398 /* work.cpp */,
			);
			name = "Source Files";
			path = ..;
			sourceTree = "<group>";
		};
		C9F1B09F13EAF1D00086B474 /* Header Files */ = {
			isa = PBXGroup;
			children = (
				C93B324D14C1B0340053C668 /* sdl */,
				C9F1AF5113EAEF420086B474 /* audio.hpp */,
				C9F1AF5713EAEF420086B474 /* ConvertUTF.h */,
				C9F1AF5A13EAEF420086B474 /* debug.hpp */,
				C9F1AF5B13EAEF420086B474 /* draw.hpp */,
				C9F1AF7213EAEF420086B474 /* finally.hpp */,
				C9F1AF7513EAEF420086B474 /* framebufferimpl.hpp */,
				C9F1AF7713EAEF420086B474 /* freetype.hpp */,
				C9F1AFCA13EAEF420086B474 /* jngl.hpp */,
				C9F1AFE613EAEF420086B474 /* opengl.hpp */,
				C9F1AFEE13EAEF420086B474 /* sprite.hpp */,
				C9F1AFF313EAEF420086B474 /* texture.hpp */,
				C9F1B00413EAEF420086B474 /* window.hpp */,
				C9F1B00613EAEF420086B474 /* windowptr.hpp */,
				C9F1894813EB288D005E43B3 /* callbacks.h */,
				C967FC6814A5FF8B0049D8F2 /* main.hpp */,
			);
			name = "Header Files";
			sourceTree = "<group>";
		};
/* End PBXGroup section */

/* Begin PBXHeadersBuildPhase section */
		C96A1CA414FEE5D20065CD6B /* Headers */ = {
			isa = PBXHeadersBuildPhase;
			buildActionMask = 2147483647;
			files = (
			);
			runOnlyForDeploymentPostprocessing = 0;
		};
		C9E948E314A7C3EF0048EFCA /* Headers */ = {
			isa = PBXHeadersBuildPhase;
			buildActionMask = 2147483647;
			files = (
				C9E9491514A7DE430048EFCA /* jngl.hpp in Headers */,
				C93B324F14C1B04A0053C668 /* sdl.hpp in Headers */,
			);
			runOnlyForDeploymentPostprocessing = 0;
		};
/* End PBXHeadersBuildPhase section */

/* Begin PBXNativeTarget section */
		C914934D148D620F00A6E3E8 /* Test */ = {
			isa = PBXNativeTarget;
			buildConfigurationList = C9149355148D621000A6E3E8 /* Build configuration list for PBXNativeTarget "Test" */;
			buildPhases = (
				C914934A148D620E00A6E3E8 /* Sources */,
				C914934B148D620E00A6E3E8 /* Frameworks */,
				C914934C148D620E00A6E3E8 /* CopyFiles */,
			);
			buildRules = (
			);
			dependencies = (
			);
			name = Test;
			productName = Test;
			productReference = C914934E148D620F00A6E3E8 /* Test */;
			productType = "com.apple.product-type.tool";
		};
		C96A1CA514FEE5D20065CD6B /* JNGL iOS */ = {
			isa = PBXNativeTarget;
			buildConfigurationList = C96A1CB114FEE5D20065CD6B /* Build configuration list for PBXNativeTarget "JNGL iOS" */;
			buildPhases = (
				C96A1CA214FEE5D20065CD6B /* Sources */,
				C96A1CA314FEE5D20065CD6B /* Frameworks */,
				C96A1CA414FEE5D20065CD6B /* Headers */,
			);
			buildRules = (
			);
			dependencies = (
			);
			name = "JNGL iOS";
			productName = "JNGL iOS";
			productReference = C96A1CA614FEE5D20065CD6B /* libJNGL iOS.a */;
			productType = "com.apple.product-type.library.static";
		};
		C96A1CBF14FEE8410065CD6B /* Test iOS */ = {
			isa = PBXNativeTarget;
			buildConfigurationList = C96A1CD314FEE8410065CD6B /* Build configuration list for PBXNativeTarget "Test iOS" */;
			buildPhases = (
				C96A1CBC14FEE8410065CD6B /* Sources */,
				C96A1CBD14FEE8410065CD6B /* Frameworks */,
				C96A1CBE14FEE8410065CD6B /* Resources */,
			);
			buildRules = (
			);
			dependencies = (
			);
			name = "Test iOS";
			productName = "Test iOS";
			productReference = C96A1CC014FEE8410065CD6B /* Test iOS.app */;
			productType = "com.apple.product-type.application";
		};
		C9E948E514A7C3EF0048EFCA /* JNGL */ = {
			isa = PBXNativeTarget;
			buildConfigurationList = C9E948FA14A7C3EF0048EFCA /* Build configuration list for PBXNativeTarget "JNGL" */;
			buildPhases = (
				C9E948E114A7C3EF0048EFCA /* Sources */,
				C9E948E214A7C3EF0048EFCA /* Frameworks */,
				C9E948E314A7C3EF0048EFCA /* Headers */,
				C9E948E414A7C3EF0048EFCA /* Resources */,
			);
			buildRules = (
			);
			dependencies = (
			);
			name = JNGL;
			productName = JNGL2;
			productReference = C9E948E614A7C3EF0048EFCA /* JNGL.framework */;
			productType = "com.apple.product-type.framework";
		};
/* End PBXNativeTarget section */

/* Begin PBXProject section */
		C921153A13EABBF100770E49 /* Project object */ = {
			isa = PBXProject;
			attributes = {
				LastUpgradeCheck = 0430;
			};
			buildConfigurationList = C921153D13EABBF100770E49 /* Build configuration list for PBXProject "JNGL" */;
			compatibilityVersion = "Xcode 3.2";
			developmentRegion = English;
			hasScannedForEncodings = 0;
			knownRegions = (
				en,
			);
			mainGroup = C921153813EABBF100770E49;
			productRefGroup = C921154413EABBF100770E49 /* Products */;
			projectDirPath = "";
			projectRoot = "";
			targets = (
				C9E948E514A7C3EF0048EFCA /* JNGL */,
				C914934D148D620F00A6E3E8 /* Test */,
				C96A1CA514FEE5D20065CD6B /* JNGL iOS */,
				C96A1CBF14FEE8410065CD6B /* Test iOS */,
			);
		};
/* End PBXProject section */

/* Begin PBXResourcesBuildPhase section */
		C96A1CBE14FEE8410065CD6B /* Resources */ = {
			isa = PBXResourcesBuildPhase;
			buildActionMask = 2147483647;
			files = (
				C9F3AB901525F67000A77E9F /* test.ogg in Resources */,
				C9F3AB8E1525F0DC00A77E9F /* jngl.png in Resources */,
				C9F3AB8C1525F0B800A77E9F /* Arial.ttf in Resources */,
				C96A1CCC14FEE8410065CD6B /* InfoPlist.strings in Resources */,
			);
			runOnlyForDeploymentPostprocessing = 0;
		};
		C9E948E414A7C3EF0048EFCA /* Resources */ = {
			isa = PBXResourcesBuildPhase;
			buildActionMask = 2147483647;
			files = (
				C9F3AB8B1525F0A800A77E9F /* Arial.ttf in Resources */,
			);
			runOnlyForDeploymentPostprocessing = 0;
		};
/* End PBXResourcesBuildPhase section */

/* Begin PBXSourcesBuildPhase section */
		C914934A148D620E00A6E3E8 /* Sources */ = {
			isa = PBXSourcesBuildPhase;
			buildActionMask = 2147483647;
			files = (
				C95406CB148D68DA00902BB3 /* test.cpp in Sources */,
			);
			runOnlyForDeploymentPostprocessing = 0;
		};
		C96A1CA214FEE5D20065CD6B /* Sources */ = {
			isa = PBXSourcesBuildPhase;
			buildActionMask = 2147483647;
			files = (
				C9BFF8421524BE6800066D6C /* audio.cpp in Sources */,
				C9BFF83B1524B7A900066D6C /* windowptr.cpp in Sources */,
				C9BFF83A1524B79200066D6C /* callbacks.c in Sources */,
				C9BFF80C1524B56C00066D6C /* window.cpp in Sources */,
				C9BFF80B1524B55E00066D6C /* work.cpp in Sources */,
				C967E7C314FEEDDC004F5985 /* ConvertUTF.c in Sources */,
				C967E7C414FEEDDC004F5985 /* finally.cpp in Sources */,
				C967E7C514FEEDDC004F5985 /* framebuffer.cpp in Sources */,
				C967E7C614FEEDDC004F5985 /* framebufferimpl.cpp in Sources */,
				C967E7C714FEEDDC004F5985 /* freetype.cpp in Sources */,
				C967E7C814FEEDDC004F5985 /* main.cpp in Sources */,
				C967E7C914FEEDDC004F5985 /* opengl.cpp in Sources */,
				C967E7CA14FEEDDC004F5985 /* sprite.cpp in Sources */,
				C967E7CB14FEEDDC004F5985 /* texture.cpp in Sources */,
				C96A1CAE14FEE5D20065CD6B /* JNGLView.mm in Sources */,
				C9BFF8401524BD0600066D6C /* window.cpp in Sources */,
				C9BFF84E1524C3F000066D6C /* time.cpp in Sources */,
			);
			runOnlyForDeploymentPostprocessing = 0;
		};
		C96A1CBC14FEE8410065CD6B /* Sources */ = {
			isa = PBXSourcesBuildPhase;
			buildActionMask = 2147483647;
			files = (
				C96A1CCE14FEE8410065CD6B /* main.m in Sources */,
				C96A1CD214FEE8410065CD6B /* AppDelegate.mm in Sources */,
			);
			runOnlyForDeploymentPostprocessing = 0;
		};
		C9E948E114A7C3EF0048EFCA /* Sources */ = {
			isa = PBXSourcesBuildPhase;
			buildActionMask = 2147483647;
			files = (
				C9E948FC14A7C40E0048EFCA /* message.cpp in Sources */,
				C9E948FD14A7C40E0048EFCA /* time.cpp in Sources */,
				C9E948FE14A7C40E0048EFCA /* window.cpp in Sources */,
				C9E948FF14A7C40E0048EFCA /* audio.cpp in Sources */,
				C9E9490014A7C40E0048EFCA /* callbacks.c in Sources */,
				C9E9490114A7C40E0048EFCA /* ConvertUTF.c in Sources */,
				C9E9490214A7C40E0048EFCA /* finally.cpp in Sources */,
				C9E9490314A7C40E0048EFCA /* framebuffer.cpp in Sources */,
				C9E9490414A7C40F0048EFCA /* framebufferimpl.cpp in Sources */,
				C9E9490514A7C40F0048EFCA /* freetype.cpp in Sources */,
				C9E9490614A7C40F0048EFCA /* main.cpp in Sources */,
				C9E9490714A7C40F0048EFCA /* opengl.cpp in Sources */,
				C9E9490814A7C40F0048EFCA /* sprite.cpp in Sources */,
				C9E9490914A7C40F0048EFCA /* tess.cpp in Sources */,
				C9E9490A14A7C40F0048EFCA /* texture.cpp in Sources */,
				C9E9490B14A7C40F0048EFCA /* window.cpp in Sources */,
				C9E9490C14A7C40F0048EFCA /* windowptr.cpp in Sources */,
				C93B324B14C1B0090053C668 /* sdl.cpp in Sources */,
				C98AE211151F541A0068B398 /* work.cpp in Sources */,
			);
			runOnlyForDeploymentPostprocessing = 0;
		};
/* End PBXSourcesBuildPhase section */

/* Begin PBXVariantGroup section */
		C96A1CCA14FEE8410065CD6B /* InfoPlist.strings */ = {
			isa = PBXVariantGroup;
			children = (
				C96A1CCB14FEE8410065CD6B /* en */,
			);
			name = InfoPlist.strings;
			sourceTree = "<group>";
		};
/* End PBXVariantGroup section */

/* Begin XCBuildConfiguration section */
		C9149356148D621000A6E3E8 /* Debug */ = {
			isa = XCBuildConfiguration;
			buildSettings = {
				HEADER_SEARCH_PATHS = /opt/local/include;
				LIBRARY_SEARCH_PATHS = /opt/local/lib;
				OTHER_LDFLAGS = (
					"-lSDL",
					"-ljpeg",
					"-lpng",
					"-lfreetype",
					"-lvorbisfile",
					"-logg",
					"-lGLEW",
				);
				PRODUCT_NAME = "$(TARGET_NAME)";
			};
			name = Debug;
		};
		C9149357148D621000A6E3E8 /* Release */ = {
			isa = XCBuildConfiguration;
			buildSettings = {
				HEADER_SEARCH_PATHS = /opt/local/include;
				LIBRARY_SEARCH_PATHS = /opt/local/lib;
				OTHER_LDFLAGS = (
					"-lSDL",
					"-ljpeg",
					"-lpng",
					"-lfreetype",
					"-lvorbisfile",
					"-logg",
					"-lGLEW",
				);
				PRODUCT_NAME = "$(TARGET_NAME)";
			};
			name = Release;
		};
		C921154513EABBF100770E49 /* Debug */ = {
			isa = XCBuildConfiguration;
			buildSettings = {
				ALWAYS_SEARCH_USER_PATHS = NO;
				ARCHS = "$(ARCHS_STANDARD_64_BIT)";
				CLANG_CXX_LANGUAGE_STANDARD = "c++0x";
				CLANG_CXX_LIBRARY = "libc++";
				COPY_PHASE_STRIP = NO;
				GCC_C_LANGUAGE_STANDARD = gnu99;
				GCC_DYNAMIC_NO_PIC = NO;
				GCC_ENABLE_OBJC_EXCEPTIONS = YES;
				GCC_OPTIMIZATION_LEVEL = 0;
				GCC_PREPROCESSOR_DEFINITIONS = (
					"DEBUG=1",
					"$(inherited)",
				);
				GCC_SYMBOLS_PRIVATE_EXTERN = NO;
				GCC_VERSION = com.apple.compilers.llvm.clang.1_0;
				GCC_WARN_64_TO_32_BIT_CONVERSION = YES;
				GCC_WARN_ABOUT_MISSING_PROTOTYPES = YES;
				GCC_WARN_ABOUT_RETURN_TYPE = YES;
				GCC_WARN_UNUSED_VARIABLE = YES;
				HEADER_SEARCH_PATHS = "";
				MACOSX_DEPLOYMENT_TARGET = 10.7;
				ONLY_ACTIVE_ARCH = YES;
				OTHER_CPLUSPLUSFLAGS = (
					"-std=c++0x",
					"-DNO_WEAK_LINKING_OPENAL",
					"$(OTHER_CFLAGS)",
				);
				RUN_CLANG_STATIC_ANALYZER = YES;
				SDKROOT = macosx;
			};
			name = Debug;
		};
		C921154613EABBF100770E49 /* Release */ = {
			isa = XCBuildConfiguration;
			buildSettings = {
				ALWAYS_SEARCH_USER_PATHS = NO;
				ARCHS = "$(ARCHS_STANDARD_64_BIT)";
				CLANG_CXX_LANGUAGE_STANDARD = "c++0x";
				CLANG_CXX_LIBRARY = "libc++";
				COPY_PHASE_STRIP = YES;
				DEBUG_INFORMATION_FORMAT = "dwarf-with-dsym";
				GCC_C_LANGUAGE_STANDARD = gnu99;
				GCC_ENABLE_OBJC_EXCEPTIONS = YES;
				GCC_VERSION = com.apple.compilers.llvm.clang.1_0;
				GCC_WARN_64_TO_32_BIT_CONVERSION = YES;
				GCC_WARN_ABOUT_MISSING_PROTOTYPES = YES;
				GCC_WARN_ABOUT_RETURN_TYPE = YES;
				GCC_WARN_UNUSED_VARIABLE = YES;
				HEADER_SEARCH_PATHS = "";
				MACOSX_DEPLOYMENT_TARGET = 10.7;
				OTHER_CPLUSPLUSFLAGS = (
					"-std=c++0x",
					"-DNO_WEAK_LINKING_OPENAL",
					"$(OTHER_CFLAGS)",
				);
				RUN_CLANG_STATIC_ANALYZER = YES;
				SDKROOT = macosx;
			};
			name = Release;
		};
		C96A1CAF14FEE5D20065CD6B /* Debug */ = {
			isa = XCBuildConfiguration;
			buildSettings = {
				ARCHS = (
					armv6,
					"$(ARCHS_STANDARD_32_BIT)",
				);
				CLANG_CXX_LIBRARY = "libstdc++";
				CLANG_ENABLE_OBJC_ARC = YES;
				DSTROOT = /tmp/JNGL_iOS.dst;
				GCC_PRECOMPILE_PREFIX_HEADER = YES;
				GCC_PREFIX_HEADER = "JNGL iOS/JNGL iOS-Prefix.pch";
				GCC_WARN_UNINITIALIZED_AUTOS = YES;
				HEADER_SEARCH_PATHS = ../include/ios/;
				INFOPLIST_PREPROCESSOR_DEFINITIONS = IOS;
				IPHONEOS_DEPLOYMENT_TARGET = 3.2;
				OTHER_CPLUSPLUSFLAGS = (
					"-std=c++0x",
					"-DNO_WEAK_LINKING_OPENAL",
					"$(OTHER_CFLAGS)",
					"-DIOS",
				);
				OTHER_LDFLAGS = "-ObjC";
				PRODUCT_NAME = "$(TARGET_NAME)";
				SDKROOT = iphoneos;
				SKIP_INSTALL = YES;
			};
			name = Debug;
		};
		C96A1CB014FEE5D20065CD6B /* Release */ = {
			isa = XCBuildConfiguration;
			buildSettings = {
				ARCHS = (
					armv6,
					"$(ARCHS_STANDARD_32_BIT)",
				);
				CLANG_CXX_LIBRARY = "libstdc++";
				CLANG_ENABLE_OBJC_ARC = YES;
				DSTROOT = /tmp/JNGL_iOS.dst;
				GCC_PRECOMPILE_PREFIX_HEADER = YES;
				GCC_PREFIX_HEADER = "JNGL iOS/JNGL iOS-Prefix.pch";
				GCC_WARN_UNINITIALIZED_AUTOS = YES;
				HEADER_SEARCH_PATHS = ../include/ios/;
				INFOPLIST_PREPROCESSOR_DEFINITIONS = IOS;
				IPHONEOS_DEPLOYMENT_TARGET = 3.2;
				OTHER_CPLUSPLUSFLAGS = (
					"-std=c++0x",
					"-DNO_WEAK_LINKING_OPENAL",
					"$(OTHER_CFLAGS)",
					"-DIOS",
				);
				OTHER_LDFLAGS = "-ObjC";
				PRODUCT_NAME = "$(TARGET_NAME)";
				SDKROOT = iphoneos;
				SKIP_INSTALL = YES;
				VALIDATE_PRODUCT = YES;
			};
			name = Release;
		};
		C96A1CD414FEE8410065CD6B /* Debug */ = {
			isa = XCBuildConfiguration;
			buildSettings = {
				ARCHS = (
					armv6,
					"$(ARCHS_STANDARD_32_BIT)",
				);
				CLANG_CXX_LIBRARY = "libstdc++";
				CLANG_ENABLE_OBJC_ARC = YES;
				"CODE_SIGN_IDENTITY[sdk=iphoneos*]" = "iPhone Developer";
				COMPRESS_PNG_FILES = NO;
				FRAMEWORK_SEARCH_PATHS = (
					"$(inherited)",
					"\"$(SYSTEM_APPS_DIR)/Xcode.app/Contents/Developer/Library/Frameworks\"",
				);
				GCC_PRECOMPILE_PREFIX_HEADER = YES;
				GCC_PREFIX_HEADER = "Test iOS/Test iOS-Prefix.pch";
				GCC_WARN_UNINITIALIZED_AUTOS = YES;
				INFOPLIST_FILE = "Test iOS/Test iOS-Info.plist";
				IPHONEOS_DEPLOYMENT_TARGET = 4.1;
				LIBRARY_SEARCH_PATHS = (
					"$(inherited)",
					"\"$(SRCROOT)/../lib/ios\"",
				);
				PRODUCT_NAME = "$(TARGET_NAME)";
				SDKROOT = iphoneos;
				WRAPPER_EXTENSION = app;
			};
			name = Debug;
		};
		C96A1CD514FEE8410065CD6B /* Release */ = {
			isa = XCBuildConfiguration;
			buildSettings = {
				ARCHS = (
					armv6,
					"$(ARCHS_STANDARD_32_BIT)",
				);
				CLANG_CXX_LIBRARY = "libstdc++";
				CLANG_ENABLE_OBJC_ARC = YES;
				"CODE_SIGN_IDENTITY[sdk=iphoneos*]" = "iPhone Developer";
				COMPRESS_PNG_FILES = NO;
				FRAMEWORK_SEARCH_PATHS = (
					"$(inherited)",
					"\"$(SYSTEM_APPS_DIR)/Xcode.app/Contents/Developer/Library/Frameworks\"",
				);
				GCC_PRECOMPILE_PREFIX_HEADER = YES;
				GCC_PREFIX_HEADER = "Test iOS/Test iOS-Prefix.pch";
				GCC_WARN_UNINITIALIZED_AUTOS = YES;
				INFOPLIST_FILE = "Test iOS/Test iOS-Info.plist";
				IPHONEOS_DEPLOYMENT_TARGET = 4.1;
				LIBRARY_SEARCH_PATHS = (
					"$(inherited)",
					"\"$(SRCROOT)/../lib/ios\"",
				);
				OTHER_CFLAGS = "-DNS_BLOCK_ASSERTIONS=1";
				PRODUCT_NAME = "$(TARGET_NAME)";
				SDKROOT = iphoneos;
				VALIDATE_PRODUCT = YES;
				WRAPPER_EXTENSION = app;
			};
			name = Release;
		};
		C9E948F814A7C3EF0048EFCA /* Debug */ = {
			isa = XCBuildConfiguration;
			buildSettings = {
				DYLIB_COMPATIBILITY_VERSION = 1;
				DYLIB_CURRENT_VERSION = 1;
				EXECUTABLE_PREFIX = "";
				FRAMEWORK_VERSION = A;
				GCC_PRECOMPILE_PREFIX_HEADER = YES;
				GCC_PREFIX_HEADER = "";
				HEADER_SEARCH_PATHS = (
					/opt/local/include/SDL,
					/opt/local/include/freetype2,
					/opt/local/include,
				);
				INFOPLIST_FILE = "JNGL/JNGL-Info.plist";
				LIBRARY_SEARCH_PATHS = (
					/opt/local/lib,
					"\"$(SRCROOT)/../lib/ios\"",
				);
				MACH_O_TYPE = mh_dylib;
				OTHER_LDFLAGS = (
					"-lSDL",
					"-ljpeg",
					"-lpng",
					"-lfreetype",
					"-lvorbisfile",
					"-logg",
					"-lGLEW",
				);
				PRODUCT_NAME = "$(TARGET_NAME)";
				WRAPPER_EXTENSION = framework;
			};
			name = Debug;
		};
		C9E948F914A7C3EF0048EFCA /* Release */ = {
			isa = XCBuildConfiguration;
			buildSettings = {
				DYLIB_COMPATIBILITY_VERSION = 1;
				DYLIB_CURRENT_VERSION = 1;
				EXECUTABLE_PREFIX = "";
				FRAMEWORK_VERSION = A;
				GCC_PRECOMPILE_PREFIX_HEADER = YES;
				GCC_PREFIX_HEADER = "";
				HEADER_SEARCH_PATHS = (
					/opt/local/include/SDL,
					/opt/local/include/freetype2,
					/opt/local/include,
				);
				INFOPLIST_FILE = "JNGL/JNGL-Info.plist";
				LIBRARY_SEARCH_PATHS = (
					/opt/local/lib,
					"\"$(SRCROOT)/../lib/ios\"",
				);
				MACH_O_TYPE = mh_dylib;
				OTHER_LDFLAGS = (
					"-lSDL",
					"-ljpeg",
					"-lpng",
					"-lfreetype",
					"-lvorbisfile",
					"-logg",
					"-lGLEW",
				);
				PRODUCT_NAME = "$(TARGET_NAME)";
				WRAPPER_EXTENSION = framework;
			};
			name = Release;
		};
/* End XCBuildConfiguration section */

/* Begin XCConfigurationList section */
		C9149355148D621000A6E3E8 /* Build configuration list for PBXNativeTarget "Test" */ = {
			isa = XCConfigurationList;
			buildConfigurations = (
				C9149356148D621000A6E3E8 /* Debug */,
				C9149357148D621000A6E3E8 /* Release */,
			);
			defaultConfigurationIsVisible = 0;
			defaultConfigurationName = Release;
		};
		C921153D13EABBF100770E49 /* Build configuration list for PBXProject "JNGL" */ = {
			isa = XCConfigurationList;
			buildConfigurations = (
				C921154513EABBF100770E49 /* Debug */,
				C921154613EABBF100770E49 /* Release */,
			);
			defaultConfigurationIsVisible = 0;
			defaultConfigurationName = Release;
		};
		C96A1CB114FEE5D20065CD6B /* Build configuration list for PBXNativeTarget "JNGL iOS" */ = {
			isa = XCConfigurationList;
			buildConfigurations = (
				C96A1CAF14FEE5D20065CD6B /* Debug */,
				C96A1CB014FEE5D20065CD6B /* Release */,
			);
			defaultConfigurationIsVisible = 0;
			defaultConfigurationName = Release;
		};
		C96A1CD314FEE8410065CD6B /* Build configuration list for PBXNativeTarget "Test iOS" */ = {
			isa = XCConfigurationList;
			buildConfigurations = (
				C96A1CD414FEE8410065CD6B /* Debug */,
				C96A1CD514FEE8410065CD6B /* Release */,
			);
			defaultConfigurationIsVisible = 0;
			defaultConfigurationName = Release;
		};
		C9E948FA14A7C3EF0048EFCA /* Build configuration list for PBXNativeTarget "JNGL" */ = {
			isa = XCConfigurationList;
			buildConfigurations = (
				C9E948F814A7C3EF0048EFCA /* Debug */,
				C9E948F914A7C3EF0048EFCA /* Release */,
			);
			defaultConfigurationIsVisible = 0;
			defaultConfigurationName = Release;
		};
/* End XCConfigurationList section */
	};
	rootObject = C921153A13EABBF100770E49 /* Project object */;
}
