<?xml version="1.0" encoding="utf-8"?>
<Project ToolsVersion="4.0" xmlns="http://schemas.microsoft.com/developer/msbuild/2003">
  <ItemGroup>
    <Filter Include="Header Files">
      <UniqueIdentifier>{424cc227-2082-4ac0-b17f-7e7a154f242c}</UniqueIdentifier>
    </Filter>
    <Filter Include="Source Files">
      <UniqueIdentifier>{1f23d4a0-ce02-4ef3-a03f-40dd5ac607bd}</UniqueIdentifier>
    </Filter>
    <Filter Include="Source Files\win32">
      <UniqueIdentifier>{45301c14-d841-42d9-9ad3-4c114d4a7419}</UniqueIdentifier>
    </Filter>
    <Filter Include="Source Files\jngl">
      <UniqueIdentifier>{30c570aa-2eb3-42b1-abdf-0f15c80d09f9}</UniqueIdentifier>
    </Filter>
    <Filter Include="Header Files\jngl">
      <UniqueIdentifier>{36d3ce7e-4178-416e-808b-fde31cda46c6}</UniqueIdentifier>
    </Filter>
  </ItemGroup>
  <ItemGroup>
    <ClCompile Include="..\src\win32\message.cpp">
      <Filter>Source Files\win32</Filter>
    </ClCompile>
    <ClCompile Include="..\src\win32\time.cpp">
      <Filter>Source Files\win32</Filter>
    </ClCompile>
    <ClCompile Include="..\src\win32\windowimpl.cpp">
      <Filter>Source Files\win32</Filter>
    </ClCompile>
    <ClCompile Include="..\src\windowptr.cpp">
      <Filter>Source Files</Filter>
    </ClCompile>
    <ClCompile Include="..\src\audio.cpp">
      <Filter>Source Files</Filter>
    </ClCompile>
    <ClCompile Include="..\src\callbacks.c">
      <Filter>Source Files</Filter>
    </ClCompile>
    <ClCompile Include="..\src\ConvertUTF.c">
      <Filter>Source Files</Filter>
    </ClCompile>
    <ClCompile Include="..\src\finally.cpp">
      <Filter>Source Files</Filter>
    </ClCompile>
    <ClCompile Include="..\src\freetype.cpp">
      <Filter>Source Files</Filter>
    </ClCompile>
    <ClCompile Include="..\src\main.cpp">
      <Filter>Source Files</Filter>
    </ClCompile>
    <ClCompile Include="..\src\opengl.cpp">
      <Filter>Source Files</Filter>
    </ClCompile>
    <ClCompile Include="..\src\tess.cpp">
      <Filter>Source Files</Filter>
    </ClCompile>
    <ClCompile Include="..\src\texture.cpp">
      <Filter>Source Files</Filter>
    </ClCompile>
    <ClCompile Include="..\src\window.cpp">
      <Filter>Source Files</Filter>
    </ClCompile>
    <ClCompile Include="..\src\framebufferimpl.cpp">
      <Filter>Source Files</Filter>
    </ClCompile>
    <ClCompile Include="..\src\spriteimpl.cpp">
      <Filter>Source Files</Filter>
    </ClCompile>
    <ClCompile Include="..\src\jngl\sprite.cpp">
      <Filter>Source Files\jngl</Filter>
    </ClCompile>
    <ClCompile Include="..\src\jngl\drawable.cpp">
      <Filter>Source Files\jngl</Filter>
    </ClCompile>
    <ClCompile Include="..\src\jngl\font.cpp">
      <Filter>Source Files\jngl</Filter>
    </ClCompile>
    <ClCompile Include="..\src\jngl\framebuffer.cpp">
      <Filter>Source Files\jngl</Filter>
    </ClCompile>
    <ClCompile Include="..\src\jngl\input.cpp">
      <Filter>Source Files\jngl</Filter>
    </ClCompile>
    <ClCompile Include="..\src\jngl\job.cpp">
      <Filter>Source Files\jngl</Filter>
    </ClCompile>
    <ClCompile Include="..\src\jngl\screen.cpp">
      <Filter>Source Files\jngl</Filter>
    </ClCompile>
    <ClCompile Include="..\src\jngl\shapes.cpp">
      <Filter>Source Files\jngl</Filter>
    </ClCompile>
    <ClCompile Include="..\src\jngl\text.cpp">
      <Filter>Source Files\jngl</Filter>
    </ClCompile>
    <ClCompile Include="..\src\jngl\work.cpp">
      <Filter>Source Files\jngl</Filter>
    </ClCompile>
    <ClCompile Include="..\src\jngl\color.cpp">
      <Filter>Source Files\jngl</Filter>
    </ClCompile>
  </ItemGroup>
  <ItemGroup>
    <ClInclude Include="..\src\ConvertUTF.h">
      <Filter>Header Files</Filter>
    </ClInclude>
    <ClInclude Include="..\src\finally.hpp">
      <Filter>Header Files</Filter>
    </ClInclude>
    <ClInclude Include="..\src\freetype.hpp">
      <Filter>Header Files</Filter>
    </ClInclude>
    <ClInclude Include="..\src\opengl.hpp">
      <Filter>Header Files</Filter>
    </ClInclude>
    <ClInclude Include="..\src\texture.hpp">
      <Filter>Header Files</Filter>
    </ClInclude>
    <ClInclude Include="..\src\window.hpp">
      <Filter>Header Files</Filter>
    </ClInclude>
    <ClInclude Include="..\src\windowptr.hpp">
      <Filter>Header Files</Filter>
    </ClInclude>
    <ClInclude Include="..\src\draw.hpp">
      <Filter>Header Files</Filter>
    </ClInclude>
    <ClInclude Include="..\src\debug.hpp">
      <Filter>Header Files</Filter>
    </ClInclude>
    <ClInclude Include="..\src\audio.hpp">
      <Filter>Header Files</Filter>
    </ClInclude>
    <ClInclude Include="..\src\jngl.hpp">
      <Filter>Header Files</Filter>
    </ClInclude>
    <ClInclude Include="..\src\framebufferimpl.hpp">
      <Filter>Header Files</Filter>
    </ClInclude>
    <ClInclude Include="..\src\spriteimpl.hpp">
      <Filter>Header Files</Filter>
    </ClInclude>
    <ClInclude Include="..\src\jngl\sprite.hpp">
      <Filter>Header Files\jngl</Filter>
    </ClInclude>
    <ClInclude Include="..\src\jngl\types.hpp">
      <Filter>Header Files\jngl</Filter>
    </ClInclude>
    <ClInclude Include="..\src\jngl\window.hpp">
      <Filter>Header Files\jngl</Filter>
    </ClInclude>
    <ClInclude Include="..\src\jngl\work.hpp">
      <Filter>Header Files\jngl</Filter>
    </ClInclude>
    <ClInclude Include="..\src\jngl\all.hpp">
      <Filter>Header Files\jngl</Filter>
    </ClInclude>
    <ClInclude Include="..\src\jngl\debug.hpp">
      <Filter>Header Files\jngl</Filter>
    </ClInclude>
    <ClInclude Include="..\src\jngl\drawable.hpp">
      <Filter>Header Files\jngl</Filter>
    </ClInclude>
    <ClInclude Include="..\src\jngl\font.hpp">
      <Filter>Header Files\jngl</Filter>
    </ClInclude>
    <ClInclude Include="..\src\jngl\framebuffer.hpp">
      <Filter>Header Files\jngl</Filter>
    </ClInclude>
    <ClInclude Include="..\src\jngl\input.hpp">
      <Filter>Header Files\jngl</Filter>
    </ClInclude>
    <ClInclude Include="..\src\jngl\job.hpp">
      <Filter>Header Files\jngl</Filter>
    </ClInclude>
    <ClInclude Include="..\src\jngl\matrix.hpp">
      <Filter>Header Files\jngl</Filter>
    </ClInclude>
    <ClInclude Include="..\src\jngl\screen.hpp">
      <Filter>Header Files\jngl</Filter>
    </ClInclude>
    <ClInclude Include="..\src\jngl\shapes.hpp">
      <Filter>Header Files\jngl</Filter>
    </ClInclude>
    <ClInclude Include="..\src\jngl\text.hpp">
      <Filter>Header Files\jngl</Filter>
    </ClInclude>
    <ClInclude Include="..\src\jngl\color.hpp">
      <Filter>Header Files\jngl</Filter>
    </ClInclude>
  </ItemGroup>
</Project>